# THIS IS AN AUTOGENERATED FILE. DO NOT EDIT THIS FILE DIRECTLY.
# yarn lockfile v1


"@aws-crypto/ie11-detection@^2.0.0":
  version "2.0.0"
  resolved "https://registry.yarnpkg.com/@aws-crypto/ie11-detection/-/ie11-detection-2.0.0.tgz#bb6c2facf8f03457e949dcf0921477397ffa4c6e"
  integrity sha512-pkVXf/dq6PITJ0jzYZ69VhL8VFOFoPZLZqtU/12SGnzYuJOOGNfF41q9GxdI1yqC8R13Rq3jOLKDFpUJFT5eTA==
  dependencies:
    tslib "^1.11.1"

"@aws-crypto/sha256-browser@2.0.0":
  version "2.0.0"
  resolved "https://registry.yarnpkg.com/@aws-crypto/sha256-browser/-/sha256-browser-2.0.0.tgz#741c9024df55ec59b51e5b1f5d806a4852699fb5"
  integrity sha512-rYXOQ8BFOaqMEHJrLHul/25ckWH6GTJtdLSajhlqGMx0PmSueAuvboCuZCTqEKlxR8CQOwRarxYMZZSYlhRA1A==
  dependencies:
    "@aws-crypto/ie11-detection" "^2.0.0"
    "@aws-crypto/sha256-js" "^2.0.0"
    "@aws-crypto/supports-web-crypto" "^2.0.0"
    "@aws-crypto/util" "^2.0.0"
    "@aws-sdk/types" "^3.1.0"
    "@aws-sdk/util-locate-window" "^3.0.0"
    "@aws-sdk/util-utf8-browser" "^3.0.0"
    tslib "^1.11.1"

"@aws-crypto/sha256-js@2.0.0":
  version "2.0.0"
  resolved "https://registry.yarnpkg.com/@aws-crypto/sha256-js/-/sha256-js-2.0.0.tgz#f1f936039bdebd0b9e2dd834d65afdc2aac4efcb"
  integrity sha512-VZY+mCY4Nmrs5WGfitmNqXzaE873fcIZDu54cbaDaaamsaTOP1DBImV9F4pICc3EHjQXujyE8jig+PFCaew9ig==
  dependencies:
    "@aws-crypto/util" "^2.0.0"
    "@aws-sdk/types" "^3.1.0"
    tslib "^1.11.1"

"@aws-crypto/sha256-js@^2.0.0":
  version "2.0.1"
  resolved "https://registry.yarnpkg.com/@aws-crypto/sha256-js/-/sha256-js-2.0.1.tgz#79e1e6cf61f652ef2089c08d471c722ecf1626a9"
  integrity sha512-mbHTBSPBvg6o/mN/c18Z/zifM05eJrapj5ggoOIeHIWckvkv5VgGi7r/wYpt+QAO2ySKXLNvH2d8L7bne4xrMQ==
  dependencies:
    "@aws-crypto/util" "^2.0.1"
    "@aws-sdk/types" "^3.1.0"
    tslib "^1.11.1"

"@aws-crypto/supports-web-crypto@^2.0.0":
  version "2.0.0"
  resolved "https://registry.yarnpkg.com/@aws-crypto/supports-web-crypto/-/supports-web-crypto-2.0.0.tgz#fd6cde30b88f77d5a4f57b2c37c560d918014f9e"
  integrity sha512-Ge7WQ3E0OC7FHYprsZV3h0QIcpdyJLvIeg+uTuHqRYm8D6qCFJoiC+edSzSyFiHtZf+NOQDJ1q46qxjtzIY2nA==
  dependencies:
    tslib "^1.11.1"

"@aws-crypto/util@^2.0.0", "@aws-crypto/util@^2.0.1":
  version "2.0.1"
  resolved "https://registry.yarnpkg.com/@aws-crypto/util/-/util-2.0.1.tgz#976cf619cf85084ca85ec5eb947a6ac6b8b5c98c"
  integrity sha512-JJmFFwvbm08lULw4Nm5QOLg8+lAQeC8aCXK5xrtxntYzYXCGfHwUJ4Is3770Q7HmICsXthGQ+ZsDL7C2uH3yBQ==
  dependencies:
    "@aws-sdk/types" "^3.1.0"
    "@aws-sdk/util-utf8-browser" "^3.0.0"
    tslib "^1.11.1"

"@aws-sdk/abort-controller@3.78.0":
  version "3.78.0"
  resolved "https://registry.yarnpkg.com/@aws-sdk/abort-controller/-/abort-controller-3.78.0.tgz#f2b0f8d63954afe51136254f389a18dd24a8f6f3"
  integrity sha512-iz1YLwM2feJUj/y97yO4XmDeTxs+yZ1XJwQgoawKuc8IDBKUutnJNCHL5jL04WUKU7Nrlq+Hr2fCTScFh2z9zg==
  dependencies:
    "@aws-sdk/types" "3.78.0"
    tslib "^2.3.1"

"@aws-sdk/client-sso@^3.85.0":
  version "3.85.0"
  resolved "https://registry.yarnpkg.com/@aws-sdk/client-sso/-/client-sso-3.85.0.tgz#4e5cf2b9e9898ff23c0aed1af0bac8d46ceed229"
  integrity sha512-JMW0NzFpo99oE6O9M/kgLela73p4vmhe/5TIcdrqUvP9XUV9nANl5nSXh3rqLz0ubmliedz9kdYYhwMC3ntoXg==
  dependencies:
    "@aws-crypto/sha256-browser" "2.0.0"
    "@aws-crypto/sha256-js" "2.0.0"
    "@aws-sdk/config-resolver" "3.80.0"
    "@aws-sdk/fetch-http-handler" "3.78.0"
    "@aws-sdk/hash-node" "3.78.0"
    "@aws-sdk/invalid-dependency" "3.78.0"
    "@aws-sdk/middleware-content-length" "3.78.0"
    "@aws-sdk/middleware-host-header" "3.78.0"
    "@aws-sdk/middleware-logger" "3.78.0"
    "@aws-sdk/middleware-retry" "3.80.0"
    "@aws-sdk/middleware-serde" "3.78.0"
    "@aws-sdk/middleware-stack" "3.78.0"
    "@aws-sdk/middleware-user-agent" "3.78.0"
    "@aws-sdk/node-config-provider" "3.80.0"
    "@aws-sdk/node-http-handler" "3.82.0"
    "@aws-sdk/protocol-http" "3.78.0"
    "@aws-sdk/smithy-client" "3.85.0"
    "@aws-sdk/types" "3.78.0"
    "@aws-sdk/url-parser" "3.78.0"
    "@aws-sdk/util-base64-browser" "3.58.0"
    "@aws-sdk/util-base64-node" "3.55.0"
    "@aws-sdk/util-body-length-browser" "3.55.0"
    "@aws-sdk/util-body-length-node" "3.55.0"
    "@aws-sdk/util-defaults-mode-browser" "3.85.0"
    "@aws-sdk/util-defaults-mode-node" "3.85.0"
    "@aws-sdk/util-user-agent-browser" "3.78.0"
    "@aws-sdk/util-user-agent-node" "3.80.0"
    "@aws-sdk/util-utf8-browser" "3.55.0"
    "@aws-sdk/util-utf8-node" "3.55.0"
    tslib "^2.3.1"

"@aws-sdk/config-resolver@3.80.0":
  version "3.80.0"
  resolved "https://registry.yarnpkg.com/@aws-sdk/config-resolver/-/config-resolver-3.80.0.tgz#a804aba4d4767402ab15640757c8c8bb2254eec1"
  integrity sha512-vFruNKlmhsaC8yjnHmasi1WW/7EELlEuFTj4mqcqNqR4dfraf0maVvpqF1VSR8EstpFMsGYI5dmoWAnnG4PcLQ==
  dependencies:
    "@aws-sdk/signature-v4" "3.78.0"
    "@aws-sdk/types" "3.78.0"
    "@aws-sdk/util-config-provider" "3.55.0"
    "@aws-sdk/util-middleware" "3.78.0"
    tslib "^2.3.1"

"@aws-sdk/credential-provider-imds@3.81.0":
  version "3.81.0"
  resolved "https://registry.yarnpkg.com/@aws-sdk/credential-provider-imds/-/credential-provider-imds-3.81.0.tgz#1ffd1219b7fd19eec4d4d4b5b06bda66e3bc210e"
  integrity sha512-BHopP+gaovTYj+4tSrwCk8NNCR48gE9CWmpIOLkP9ell0gOL81Qh7aCEiIK0BZBZkccv1s16cYq1MSZZGS7PEQ==
  dependencies:
    "@aws-sdk/node-config-provider" "3.80.0"
    "@aws-sdk/property-provider" "3.78.0"
    "@aws-sdk/types" "3.78.0"
    "@aws-sdk/url-parser" "3.78.0"
    tslib "^2.3.1"

"@aws-sdk/fetch-http-handler@3.78.0":
  version "3.78.0"
  resolved "https://registry.yarnpkg.com/@aws-sdk/fetch-http-handler/-/fetch-http-handler-3.78.0.tgz#9cd4a02eaf015b4a5a18552e8c9e8fbfce7219a3"
  integrity sha512-cR6r2h2kJ1DNEZSXC6GknQB7OKmy+s9ZNV+g3AsNqkrUmNNOaHpFoSn+m6SC3qaclcGd0eQBpqzSu/TDn23Ihw==
  dependencies:
    "@aws-sdk/protocol-http" "3.78.0"
    "@aws-sdk/querystring-builder" "3.78.0"
    "@aws-sdk/types" "3.78.0"
    "@aws-sdk/util-base64-browser" "3.58.0"
    tslib "^2.3.1"

"@aws-sdk/hash-node@3.78.0":
  version "3.78.0"
  resolved "https://registry.yarnpkg.com/@aws-sdk/hash-node/-/hash-node-3.78.0.tgz#d03f804a685bc1cea9df3eabf499b2a7659d01fd"
  integrity sha512-ev48yXaqZVtMeuKy52LUZPHCyKvkKQ9uiUebqkA+zFxIk+eN8SMPFHmsififIHWuS6ZkXBUSctjH9wmLebH60A==
  dependencies:
    "@aws-sdk/types" "3.78.0"
    "@aws-sdk/util-buffer-from" "3.55.0"
    tslib "^2.3.1"

"@aws-sdk/invalid-dependency@3.78.0":
  version "3.78.0"
  resolved "https://registry.yarnpkg.com/@aws-sdk/invalid-dependency/-/invalid-dependency-3.78.0.tgz#c4e30871d69894dbf3450023319385110ce95c81"
  integrity sha512-zUo+PbeRMN/Mzj6y+6p9qqk/znuFetT1gmpOcZGL9Rp2T+b9WJWd+daq5ktsL10sVCzIt2UvneJRz6b+aU+bfw==
  dependencies:
    "@aws-sdk/types" "3.78.0"
    tslib "^2.3.1"

"@aws-sdk/is-array-buffer@3.55.0":
  version "3.55.0"
  resolved "https://registry.yarnpkg.com/@aws-sdk/is-array-buffer/-/is-array-buffer-3.55.0.tgz#c46122c5636f01d5895e5256a587768c3425ea7a"
  integrity sha512-NbiPHVYuPxdqdFd6FxzzN3H1BQn/iWA3ri3Ry7AyLeP/tGs1yzEWMwf8BN8TSMALI0GXT6Sh0GDWy3Ok5xB6DA==
  dependencies:
    tslib "^2.3.1"

"@aws-sdk/middleware-content-length@3.78.0":
  version "3.78.0"
  resolved "https://registry.yarnpkg.com/@aws-sdk/middleware-content-length/-/middleware-content-length-3.78.0.tgz#57d46be61d1176d4c5fce7ba4b0682798c170208"
  integrity sha512-5MpKt6lB9TdFy25/AGrpOjPY0iDHZAKpEHc+jSOJBXLl6xunXA7qHdiYaVqkWodLxy70nIckGNHqQ3drabidkA==
  dependencies:
    "@aws-sdk/protocol-http" "3.78.0"
    "@aws-sdk/types" "3.78.0"
    tslib "^2.3.1"

"@aws-sdk/middleware-host-header@3.78.0":
  version "3.78.0"
  resolved "https://registry.yarnpkg.com/@aws-sdk/middleware-host-header/-/middleware-host-header-3.78.0.tgz#9130d176c2839bc658aff01bf2a36fee705f0e86"
  integrity sha512-1zL8uaDWGmH50c8B8jjz75e0ePj6/3QeZEhjJgTgL6DTdiqvRt32p3t+XWHW+yDI14fZZUYeTklAaLVxqFrHqQ==
  dependencies:
    "@aws-sdk/protocol-http" "3.78.0"
    "@aws-sdk/types" "3.78.0"
    tslib "^2.3.1"

"@aws-sdk/middleware-logger@3.78.0":
  version "3.78.0"
  resolved "https://registry.yarnpkg.com/@aws-sdk/middleware-logger/-/middleware-logger-3.78.0.tgz#758b84711213b2e78afe0df20bc2d4d70a856da1"
  integrity sha512-GBhwxNjhCJUIeQQDaGasX/C23Jay77al2vRyGwmxf8no0DdFsa4J1Ik6/2hhIqkqko+WM4SpCnpZrY4MtnxNvA==
  dependencies:
    "@aws-sdk/types" "3.78.0"
    tslib "^2.3.1"

"@aws-sdk/middleware-retry@3.80.0":
  version "3.80.0"
  resolved "https://registry.yarnpkg.com/@aws-sdk/middleware-retry/-/middleware-retry-3.80.0.tgz#d62ebd68ded78bdaf0a8b07bb4cc1c394c99cc8f"
  integrity sha512-CTk+tA4+WMUNOcUfR6UQrkhwvPYFpnMsQ1vuHlpLFOGG3nCqywA2hueLMRQmVcDXzP0sGeygce6dzRI9dJB/GA==
  dependencies:
    "@aws-sdk/protocol-http" "3.78.0"
    "@aws-sdk/service-error-classification" "3.78.0"
    "@aws-sdk/types" "3.78.0"
    "@aws-sdk/util-middleware" "3.78.0"
    tslib "^2.3.1"
    uuid "^8.3.2"

"@aws-sdk/middleware-serde@3.78.0":
  version "3.78.0"
  resolved "https://registry.yarnpkg.com/@aws-sdk/middleware-serde/-/middleware-serde-3.78.0.tgz#d1e1a7b9ac58638b973e533ac4c2ca52f413883c"
  integrity sha512-4DPsNOxsl1bxRzfo1WXEZjmD7OEi7qGNpxrDWucVe96Fqj2dH08jR8wxvBIVV1e6bAad07IwdPuCGmivNvwRuQ==
  dependencies:
    "@aws-sdk/types" "3.78.0"
    tslib "^2.3.1"

"@aws-sdk/middleware-stack@3.78.0":
  version "3.78.0"
  resolved "https://registry.yarnpkg.com/@aws-sdk/middleware-stack/-/middleware-stack-3.78.0.tgz#e9f42039e500bed23ec74359924ae16e7bf9c77a"
  integrity sha512-UoNfRh6eAJN3BJHlG1eb+KeuSe+zARTC2cglroJRyHc2j7GxH2i9FD3IJbj5wvzopJEnQzuY/VCs6STFkqWL1g==
  dependencies:
    tslib "^2.3.1"

"@aws-sdk/middleware-user-agent@3.78.0":
  version "3.78.0"
  resolved "https://registry.yarnpkg.com/@aws-sdk/middleware-user-agent/-/middleware-user-agent-3.78.0.tgz#e4c7345d26d718de0e84b60ba02b2b08b566fa15"
  integrity sha512-wdN5uoq8RxxhLhj0EPeuDSRFuXfUwKeEqRzCKMsYAOC0cAm+PryaP2leo0oTGJ9LUK8REK7zyfFcmtC4oOzlkA==
  dependencies:
    "@aws-sdk/protocol-http" "3.78.0"
    "@aws-sdk/types" "3.78.0"
    tslib "^2.3.1"

"@aws-sdk/node-config-provider@3.80.0":
  version "3.80.0"
  resolved "https://registry.yarnpkg.com/@aws-sdk/node-config-provider/-/node-config-provider-3.80.0.tgz#dbb02aa48fb1a0acc3201ca73db5bbf1738895b5"
  integrity sha512-vyTOMK04huB7n10ZUv0thd2TE6KlY8livOuLqFTMtj99AJ6vyeB5XBNwKnQtJIt/P7CijYgp8KcFvI9fndOmKg==
  dependencies:
    "@aws-sdk/property-provider" "3.78.0"
    "@aws-sdk/shared-ini-file-loader" "3.80.0"
    "@aws-sdk/types" "3.78.0"
    tslib "^2.3.1"

"@aws-sdk/node-http-handler@3.82.0":
  version "3.82.0"
  resolved "https://registry.yarnpkg.com/@aws-sdk/node-http-handler/-/node-http-handler-3.82.0.tgz#e28064815c6c6caf22a16bb7fee4e9e7e73ef3bb"
  integrity sha512-yyq/DA/IMzL4fLJhV7zVfP7aUQWPHfOKTCJjWB3KeV5YPiviJtSKb/KyzNi+gQyO7SmsL/8vQbQrf3/s7N/2OA==
  dependencies:
    "@aws-sdk/abort-controller" "3.78.0"
    "@aws-sdk/protocol-http" "3.78.0"
    "@aws-sdk/querystring-builder" "3.78.0"
    "@aws-sdk/types" "3.78.0"
    tslib "^2.3.1"

"@aws-sdk/property-provider@3.78.0":
  version "3.78.0"
  resolved "https://registry.yarnpkg.com/@aws-sdk/property-provider/-/property-provider-3.78.0.tgz#f12341fa87da2b54daac95f623bf7ede1754f8ae"
  integrity sha512-PZpLvV0hF6lqg3CSN9YmphrB/t5LVJVWGJLB9d9qm7sJs5ksjTYBb5bY91OQ3zit0F4cqBMU8xt2GQ9J6d4DvQ==
  dependencies:
    "@aws-sdk/types" "3.78.0"
    tslib "^2.3.1"

"@aws-sdk/protocol-http@3.78.0":
  version "3.78.0"
  resolved "https://registry.yarnpkg.com/@aws-sdk/protocol-http/-/protocol-http-3.78.0.tgz#8a30db90e3373fe94e2b0007c3cba47b5c9e08bd"
  integrity sha512-SQB26MhEK96yDxyXd3UAaxLz1Y/ZvgE4pzv7V3wZiokdEedM0kawHKEn1UQJlqJLEZcQI9QYyysh3rTvHZ3fyg==
  dependencies:
    "@aws-sdk/types" "3.78.0"
    tslib "^2.3.1"

"@aws-sdk/querystring-builder@3.78.0":
  version "3.78.0"
  resolved "https://registry.yarnpkg.com/@aws-sdk/querystring-builder/-/querystring-builder-3.78.0.tgz#29068c4d1fad056e26f848779a31335469cb0038"
  integrity sha512-aib6RW1WAaTQDqVgRU1Ku9idkhm90gJKbCxVaGId+as6QHNUqMChEfK2v+0afuKiPNOs5uWmqvOXI9+Gt+UGDg==
  dependencies:
    "@aws-sdk/types" "3.78.0"
    "@aws-sdk/util-uri-escape" "3.55.0"
    tslib "^2.3.1"

"@aws-sdk/querystring-parser@3.78.0":
  version "3.78.0"
  resolved "https://registry.yarnpkg.com/@aws-sdk/querystring-parser/-/querystring-parser-3.78.0.tgz#4c76fe15ef2e9bbf4c387c83889d1c25d2c3a614"
  integrity sha512-csaH8YTyN+KMNczeK6fBS8l7iJaqcQcKOIbpQFg5upX4Ly5A56HJn4sVQhY1LSgfSk4xRsNfMy5mu6BlsIiaXA==
  dependencies:
    "@aws-sdk/types" "3.78.0"
    tslib "^2.3.1"

"@aws-sdk/service-error-classification@3.78.0":
  version "3.78.0"
  resolved "https://registry.yarnpkg.com/@aws-sdk/service-error-classification/-/service-error-classification-3.78.0.tgz#8d3ac1064e39c180d9b764bb838c7f9de5615281"
  integrity sha512-x7Lx8KWctJa01q4Q72Zb4ol9L/era3vy2daASu8l2paHHxsAPBE0PThkvLdUSLZSzlHSVdh3YHESIsT++VsK4w==

"@aws-sdk/shared-ini-file-loader@3.80.0", "@aws-sdk/shared-ini-file-loader@^3.80.0":
  version "3.80.0"
  resolved "https://registry.yarnpkg.com/@aws-sdk/shared-ini-file-loader/-/shared-ini-file-loader-3.80.0.tgz#e3d1b0532e9a884e52f967717ba2666ca32bbd74"
  integrity sha512-3d5EBJjnWWkjLK9skqLLHYbagtFaZZy+3jUTlbTuOKhlOwe8jF7CUM3j6I4JA6yXNcB3w0exDKKHa8w+l+05aA==
  dependencies:
    tslib "^2.3.1"

"@aws-sdk/signature-v4@3.78.0":
  version "3.78.0"
  resolved "https://registry.yarnpkg.com/@aws-sdk/signature-v4/-/signature-v4-3.78.0.tgz#adb735b9604d4bb8e44d16f1baa87618d576013b"
  integrity sha512-eePjRYuzKoi3VMr/lgrUEF1ytLeH4fA/NMCykr/uR6NMo4bSJA59KrFLYSM7SlWLRIyB0UvJqygVEvSxFluyDw==
  dependencies:
    "@aws-sdk/is-array-buffer" "3.55.0"
    "@aws-sdk/types" "3.78.0"
    "@aws-sdk/util-hex-encoding" "3.58.0"
    "@aws-sdk/util-middleware" "3.78.0"
    "@aws-sdk/util-uri-escape" "3.55.0"
    tslib "^2.3.1"

"@aws-sdk/smithy-client@3.85.0":
  version "3.85.0"
  resolved "https://registry.yarnpkg.com/@aws-sdk/smithy-client/-/smithy-client-3.85.0.tgz#70852daa14fef9af1adfb4411237026cb68943da"
  integrity sha512-Ox/yQEAnANzhpJMyrpuxWtF/i3EviavENczT7fo4uwSyZTz/sfSBQNjs/YAG1UeA6uOI3pBP5EaFERV5hr2fRA==
  dependencies:
    "@aws-sdk/middleware-stack" "3.78.0"
    "@aws-sdk/types" "3.78.0"
    tslib "^2.3.1"

"@aws-sdk/types@3.78.0", "@aws-sdk/types@^3.1.0":
  version "3.78.0"
  resolved "https://registry.yarnpkg.com/@aws-sdk/types/-/types-3.78.0.tgz#51dc80b2142ee20821fb9f476bdca6e541021443"
  integrity sha512-I9PTlVNSbwhIgMfmDM5as1tqRIkVZunjVmfogb2WVVPp4CaX0Ll01S0FSMSLL9k6tcQLXqh45pFRjrxCl9WKdQ==

"@aws-sdk/url-parser@3.78.0":
  version "3.78.0"
  resolved "https://registry.yarnpkg.com/@aws-sdk/url-parser/-/url-parser-3.78.0.tgz#8903011fda4b04c1207df099a21eda1304573099"
  integrity sha512-iQn2AjECUoJE0Ae9XtgHtGGKvUkvE8hhbktGopdj+zsPBe4WrBN2DgVxlKPPrBonG/YlcL1D7a5EXaujWSlUUw==
  dependencies:
    "@aws-sdk/querystring-parser" "3.78.0"
    "@aws-sdk/types" "3.78.0"
    tslib "^2.3.1"

"@aws-sdk/util-base64-browser@3.58.0":
  version "3.58.0"
  resolved "https://registry.yarnpkg.com/@aws-sdk/util-base64-browser/-/util-base64-browser-3.58.0.tgz#e213f91a5d40dd2d048d340f1ab192ca86c1f40c"
  integrity sha512-0ebsXIZNpu/fup9OgsFPnRKfCFbuuI9PPRzvP6twzLxUB0c/aix6Co7LGHFKcRKHZdaykoJMXArf8eHj2Nzv1Q==
  dependencies:
    tslib "^2.3.1"

"@aws-sdk/util-base64-node@3.55.0":
  version "3.55.0"
  resolved "https://registry.yarnpkg.com/@aws-sdk/util-base64-node/-/util-base64-node-3.55.0.tgz#da9a3fd6752be49163572144793e6b23d0186ff4"
  integrity sha512-UQ/ZuNoAc8CFMpSiRYmevaTsuRKzLwulZTnM8LNlIt9Wx1tpNvqp80cfvVj7yySKROtEi20wq29h31dZf1eYNQ==
  dependencies:
    "@aws-sdk/util-buffer-from" "3.55.0"
    tslib "^2.3.1"

"@aws-sdk/util-body-length-browser@3.55.0":
  version "3.55.0"
  resolved "https://registry.yarnpkg.com/@aws-sdk/util-body-length-browser/-/util-body-length-browser-3.55.0.tgz#9c2637097501032f6a1afddb76687415fe9b44b6"
  integrity sha512-Ei2OCzXQw5N6ZkTMZbamUzc1z+z1R1Ja5tMEagz5BxuX4vWdBObT+uGlSzL8yvTbjoPjnxWA2aXyEqaUP3JS8Q==
  dependencies:
    tslib "^2.3.1"

"@aws-sdk/util-body-length-node@3.55.0":
  version "3.55.0"
  resolved "https://registry.yarnpkg.com/@aws-sdk/util-body-length-node/-/util-body-length-node-3.55.0.tgz#67049bbb6c62d794a1bb5a13b9a678988c925489"
  integrity sha512-lU1d4I+9wJwydduXs0SxSfd+mHKjxeyd39VwOv6i2KSwWkPbji9UQqpflKLKw+r45jL7+xU/zfeTUg5Tt/3Gew==
  dependencies:
    tslib "^2.3.1"

"@aws-sdk/util-buffer-from@3.55.0":
  version "3.55.0"
  resolved "https://registry.yarnpkg.com/@aws-sdk/util-buffer-from/-/util-buffer-from-3.55.0.tgz#e7c927974b07a29502aa1ad58509b91d0d7cf0f7"
  integrity sha512-uVzKG1UgvnV7XX2FPTylBujYMKBPBaq/qFBxfl0LVNfrty7YjpfieQxAe6yRLD+T0Kir/WDQwGvYC+tOYG3IGA==
  dependencies:
    "@aws-sdk/is-array-buffer" "3.55.0"
    tslib "^2.3.1"

"@aws-sdk/util-config-provider@3.55.0":
  version "3.55.0"
  resolved "https://registry.yarnpkg.com/@aws-sdk/util-config-provider/-/util-config-provider-3.55.0.tgz#720c6c0ac1aa8d14be29d1dee25e01eb4925c0ce"
  integrity sha512-30dzofQQfx6tp1jVZkZ0DGRsT0wwC15nEysKRiAcjncM64A0Cm6sra77d0os3vbKiKoPCI/lMsFr4o3533+qvQ==
  dependencies:
    tslib "^2.3.1"

"@aws-sdk/util-defaults-mode-browser@3.85.0":
  version "3.85.0"
  resolved "https://registry.yarnpkg.com/@aws-sdk/util-defaults-mode-browser/-/util-defaults-mode-browser-3.85.0.tgz#215e99e8815f885ce722668a0e5afbbca69fa964"
  integrity sha512-oqK/e2pHuMWrvTJWtDBzylbj232ezlTay5dCq4RQlyi3LPPVBQ08haYD1Mk2ikQ/qa0XvbSD6YVhjpTlvwRNjw==
  dependencies:
    "@aws-sdk/property-provider" "3.78.0"
    "@aws-sdk/types" "3.78.0"
    bowser "^2.11.0"
    tslib "^2.3.1"

"@aws-sdk/util-defaults-mode-node@3.85.0":
  version "3.85.0"
  resolved "https://registry.yarnpkg.com/@aws-sdk/util-defaults-mode-node/-/util-defaults-mode-node-3.85.0.tgz#8cd27ea50ddce298ec586d36eb6379ba14d7bfaf"
  integrity sha512-KDNl4H8jJJLh6y7I3MSwRKe4plKbFKK8MVkS0+Fce/GJh4EnqxF0HzMMaSeNUcPvO2wHRq2a60+XW+0d7eWo1A==
  dependencies:
    "@aws-sdk/config-resolver" "3.80.0"
    "@aws-sdk/credential-provider-imds" "3.81.0"
    "@aws-sdk/node-config-provider" "3.80.0"
    "@aws-sdk/property-provider" "3.78.0"
    "@aws-sdk/types" "3.78.0"
    tslib "^2.3.1"

"@aws-sdk/util-hex-encoding@3.58.0":
  version "3.58.0"
  resolved "https://registry.yarnpkg.com/@aws-sdk/util-hex-encoding/-/util-hex-encoding-3.58.0.tgz#d999eb19329933a94563881540a06d7ac7f515f5"
  integrity sha512-Rl+jXUzk/FJkOLYfUVYPhKa2aUmTpeobRP31l8IatQltSzDgLyRHO35f6UEs7Ztn5s1jbu/POatLAZ2WjbgVyg==
  dependencies:
    tslib "^2.3.1"

"@aws-sdk/util-locate-window@^3.0.0":
  version "3.55.0"
  resolved "https://registry.yarnpkg.com/@aws-sdk/util-locate-window/-/util-locate-window-3.55.0.tgz#a4136a20ee1bfcb73967a6614caf769ef79db070"
  integrity sha512-0sPmK2JaJE2BbTcnvybzob/VrFKCXKfN4CUKcvn0yGg/me7Bz+vtzQRB3Xp+YSx+7OtWxzv63wsvHoAnXvgxgg==
  dependencies:
    tslib "^2.3.1"

"@aws-sdk/util-middleware@3.78.0":
  version "3.78.0"
  resolved "https://registry.yarnpkg.com/@aws-sdk/util-middleware/-/util-middleware-3.78.0.tgz#d907a9b8b7878265cd3e3ee15996bc17de41db11"
  integrity sha512-Hi3wv2b0VogO4mzyeEaeU5KgIt4qeo0LXU5gS6oRrG0T7s2FyKbMBkJW3YDh/Y8fNwqArZ+/QQFujpP0PIKwkA==
  dependencies:
    tslib "^2.3.1"

"@aws-sdk/util-uri-escape@3.55.0":
  version "3.55.0"
  resolved "https://registry.yarnpkg.com/@aws-sdk/util-uri-escape/-/util-uri-escape-3.55.0.tgz#ee57743c628a1c9f942dfe73205ce890ec011916"
  integrity sha512-mmdDLUpFCN2nkfwlLdOM54lTD528GiGSPN1qb8XtGLgZsJUmg3uJSFIN2lPeSbEwJB3NFjVas/rnQC48i7mV8w==
  dependencies:
    tslib "^2.3.1"

"@aws-sdk/util-user-agent-browser@3.78.0":
  version "3.78.0"
  resolved "https://registry.yarnpkg.com/@aws-sdk/util-user-agent-browser/-/util-user-agent-browser-3.78.0.tgz#12509ed9cc77624da0e0c017099565e37a5038d0"
  integrity sha512-diGO/Bf4ggBOEnfD7lrrXaaXOwOXGz0bAJ0HhpizwEMlBld5zfDlWXjNpslh+8+u3EHRjPJQ16KGT6mp/Dm+aw==
  dependencies:
    "@aws-sdk/types" "3.78.0"
    bowser "^2.11.0"
    tslib "^2.3.1"

"@aws-sdk/util-user-agent-node@3.80.0":
  version "3.80.0"
  resolved "https://registry.yarnpkg.com/@aws-sdk/util-user-agent-node/-/util-user-agent-node-3.80.0.tgz#269ea0f9bfab4f378af759afa9137936081f010a"
  integrity sha512-QV26qIXws1m6sZXg65NS+XrQ5NhAzbDVQLtEVE4nC39UN8fuieP6Uet/gZm9mlLI9hllwvcV7EfgBM3GSC7pZg==
  dependencies:
    "@aws-sdk/node-config-provider" "3.80.0"
    "@aws-sdk/types" "3.78.0"
    tslib "^2.3.1"

"@aws-sdk/util-utf8-browser@3.55.0", "@aws-sdk/util-utf8-browser@^3.0.0":
  version "3.55.0"
  resolved "https://registry.yarnpkg.com/@aws-sdk/util-utf8-browser/-/util-utf8-browser-3.55.0.tgz#a045bf1a93f6e0ff9c846631b168ea55bbb37668"
  integrity sha512-ljzqJcyjfJpEVSIAxwtIS8xMRUly84BdjlBXyp6cu4G8TUufgjNS31LWdhyGhgmW5vYBNr+LTz0Kwf6J+ou7Ug==
  dependencies:
    tslib "^2.3.1"

"@aws-sdk/util-utf8-node@3.55.0":
  version "3.55.0"
  resolved "https://registry.yarnpkg.com/@aws-sdk/util-utf8-node/-/util-utf8-node-3.55.0.tgz#44cf9f9c8624d144afd65ab8a1786e33134add15"
  integrity sha512-FsFm7GFaC7j0tlPEm/ri8bU2QCwFW5WKjxUg8lm1oWaxplCpKGUsmcfPJ4sw58GIoyoGu4QXBK60oCWosZYYdQ==
  dependencies:
    "@aws-sdk/util-buffer-from" "3.55.0"
    tslib "^2.3.1"

"@cspotcode/source-map-consumer@0.8.0":
  version "0.8.0"
  resolved "https://registry.yarnpkg.com/@cspotcode/source-map-consumer/-/source-map-consumer-0.8.0.tgz#33bf4b7b39c178821606f669bbc447a6a629786b"
  integrity sha512-41qniHzTU8yAGbCp04ohlmSrZf8bkf/iJsl3V0dRGsQN/5GFfx+LbCSsCpp2gqrqjTVg/K6O8ycoV35JIwAzAg==

"@cspotcode/source-map-support@0.7.0":
  version "0.7.0"
  resolved "https://registry.yarnpkg.com/@cspotcode/source-map-support/-/source-map-support-0.7.0.tgz#4789840aa859e46d2f3173727ab707c66bf344f5"
  integrity sha512-X4xqRHqN8ACt2aHVe51OxeA2HjbcL4MqFqXkrmQszJ1NOUuUu5u6Vqx/0lZSVNku7velL5FC/s5uEAj1lsBMhA==
  dependencies:
    "@cspotcode/source-map-consumer" "0.8.0"

"@swc/core-android-arm-eabi@1.2.186":
  version "1.2.186"
  resolved "https://registry.yarnpkg.com/@swc/core-android-arm-eabi/-/core-android-arm-eabi-1.2.186.tgz#542941efac1a481c3794a19014574c5c376ab0a7"
  integrity sha512-y+xiLOlkksP69mCQTbSJi/TvELJ+VAVCS/A8xBynnbZXyst4byaEDz0b6PpSTeFU0QufyygzlIARBBxi48RAQg==

"@swc/core-android-arm64@1.2.186":
  version "1.2.186"
  resolved "https://registry.yarnpkg.com/@swc/core-android-arm64/-/core-android-arm64-1.2.186.tgz#0b4cf17ea869126bfbf0a75dd1b0486bbedfb8a7"
  integrity sha512-W7FZDXfs2b8UIsdBlyRbG8Me2L5k77nitd38LmPFzj9G67DQWhVyoCoHMx38kbsRE82GVO2LmZ28Ehrl7TQw5w==

"@swc/core-darwin-arm64@1.2.186":
  version "1.2.186"
  resolved "https://registry.yarnpkg.com/@swc/core-darwin-arm64/-/core-darwin-arm64-1.2.186.tgz#5958e85b156cea9b384cc3b9191ccf9e2aaf5e1b"
  integrity sha512-v0aKuzZEV8zqyxrFohVzKjbbOWllgUd0Mgs8Fbft/K7Brp4QzBXvSjhOwsnNE4AlwzRLdINQfQz/RO6Ygp9H4Q==

"@swc/core-darwin-x64@1.2.186":
  version "1.2.186"
  resolved "https://registry.yarnpkg.com/@swc/core-darwin-x64/-/core-darwin-x64-1.2.186.tgz#384af1740d262f8eeaf51bb2f4014d32867da071"
  integrity sha512-qhwFRvjFxkgiPqpg8ifo9bN6ONlPdn0xWPnkph2rpJhByMkNW2LEIApEPgS0ePhI9gq4Wksp5oxCviH1v36gQA==

"@swc/core-freebsd-x64@1.2.186":
  version "1.2.186"
  resolved "https://registry.yarnpkg.com/@swc/core-freebsd-x64/-/core-freebsd-x64-1.2.186.tgz#438b3067b0357903875bce5b0ab16e7277d4ab8f"
  integrity sha512-HhL4HqqShE3lCB7NWXRVjjiEN4t05usHrCBtHEADsZDAGglJRMjT9ZLGLVxGOxEziWCIR+kOV2jcMv0Bf4Bbaw==

"@swc/core-linux-arm-gnueabihf@1.2.186":
  version "1.2.186"
  resolved "https://registry.yarnpkg.com/@swc/core-linux-arm-gnueabihf/-/core-linux-arm-gnueabihf-1.2.186.tgz#df2e4f0ff8f98ae3fa364a0c7c84988e3b5296fc"
  integrity sha512-ouAREnVdbUnZA0y4wYdAZZKIvqJ1uer9hOCbafgGyrmR9i8Lhswz2fPUGOUc+rxjqsP1z7uN5CpMcAH4KvyNUQ==

"@swc/core-linux-arm64-gnu@1.2.186":
  version "1.2.186"
  resolved "https://registry.yarnpkg.com/@swc/core-linux-arm64-gnu/-/core-linux-arm64-gnu-1.2.186.tgz#884b2d781f224744cf7c40cfa70d029f92016f37"
  integrity sha512-b8GbZ2FVlQrDWyqC/KW9zScAvvUx6StLDvGAPWxD2GvFHjE0iPnvLHGvuVuhje0pFFqSwZnQ5/KZ6VyrKowPJw==

"@swc/core-linux-arm64-musl@1.2.186":
  version "1.2.186"
  resolved "https://registry.yarnpkg.com/@swc/core-linux-arm64-musl/-/core-linux-arm64-musl-1.2.186.tgz#b76d88778bbe4f5fb72155ef5bb506417d8a7216"
  integrity sha512-vWvfQiC7K2oMxuKbAWTgVVoTs7SpHb8GyecAzQbQWNIyOycLMihCXhgj99cz0GaSeEs/0SEd+FSoU+uldUysjA==

"@swc/core-linux-x64-gnu@1.2.186":
  version "1.2.186"
  resolved "https://registry.yarnpkg.com/@swc/core-linux-x64-gnu/-/core-linux-x64-gnu-1.2.186.tgz#38362067f1242ec46aff72386c07c9341b11bc27"
  integrity sha512-lGBOQd9GZsk6JQd1teZPIirir4vpcGPFlEKaoWMHTVgb4wyU0I6sW2edoHMWu+mUugs12/JpHWh7sw+ubgZzHA==

"@swc/core-linux-x64-musl@1.2.186":
  version "1.2.186"
  resolved "https://registry.yarnpkg.com/@swc/core-linux-x64-musl/-/core-linux-x64-musl-1.2.186.tgz#5b21b8bb3d795b70d0f7959524152600db6d2c49"
  integrity sha512-H6pFxBpg3R+g0DDXzs39c9A7+O/ai1Zwliwo7jwOfLu4ef/cq2xrKa0AJ22lawtU9A+4gwRCX78phf2ezjC2jw==

"@swc/core-win32-arm64-msvc@1.2.186":
  version "1.2.186"
  resolved "https://registry.yarnpkg.com/@swc/core-win32-arm64-msvc/-/core-win32-arm64-msvc-1.2.186.tgz#4892a9660a0b0c467a07192d188a0ef1d86f0a44"
  integrity sha512-B178S3J5L9Z21IBVMNCarvM6kQrxHQVtT8V7vhUgldPJ5Nc2ty7ELYvrSdtiARqKP5PacKMur+nb8XIyhoJfIw==

"@swc/core-win32-ia32-msvc@1.2.186":
  version "1.2.186"
  resolved "https://registry.yarnpkg.com/@swc/core-win32-ia32-msvc/-/core-win32-ia32-msvc-1.2.186.tgz#802800e2a76fcbe4671eb8542e06e00c8ae2f3b6"
  integrity sha512-0VqhXRn+MVth9hdwRR/X0unT9hdUOa5Y8FRUgMm3ft/72bFSAz3E8UNYMWMtVbjuViNYJgAOPML+VE9UqN80JQ==

"@swc/core-win32-x64-msvc@1.2.186":
  version "1.2.186"
  resolved "https://registry.yarnpkg.com/@swc/core-win32-x64-msvc/-/core-win32-x64-msvc-1.2.186.tgz#80a44caaab3d0c88ff5453a8c6543caad75e67ee"
  integrity sha512-T+sNpLbtg5Q1zrDIOwzRDVCKQHb4eQx8MlIk9tF74amlBLt1GKBdgRn17YAA6GrNHRw7QHaDIeCEdc5OuUztvg==

"@swc/core@^1.2.186":
  version "1.2.186"
  resolved "https://registry.yarnpkg.com/@swc/core/-/core-1.2.186.tgz#4d096f9065e5dd87bb418cece3370ce7f1b5edfa"
  integrity sha512-n+I0z+gIsk+rkO2/UYGLcnyI2bq0YcHFtnMynRtZ8v541luGszFLBrayd3ljnmt4mFzSPY+2gTSQgK5HNuYk5g==
  optionalDependencies:
    "@swc/core-android-arm-eabi" "1.2.186"
    "@swc/core-android-arm64" "1.2.186"
    "@swc/core-darwin-arm64" "1.2.186"
    "@swc/core-darwin-x64" "1.2.186"
    "@swc/core-freebsd-x64" "1.2.186"
    "@swc/core-linux-arm-gnueabihf" "1.2.186"
    "@swc/core-linux-arm64-gnu" "1.2.186"
    "@swc/core-linux-arm64-musl" "1.2.186"
    "@swc/core-linux-x64-gnu" "1.2.186"
    "@swc/core-linux-x64-musl" "1.2.186"
    "@swc/core-win32-arm64-msvc" "1.2.186"
    "@swc/core-win32-ia32-msvc" "1.2.186"
    "@swc/core-win32-x64-msvc" "1.2.186"

"@tsconfig/node10@^1.0.7":
  version "1.0.8"
  resolved "https://registry.yarnpkg.com/@tsconfig/node10/-/node10-1.0.8.tgz#c1e4e80d6f964fbecb3359c43bd48b40f7cadad9"
  integrity sha512-6XFfSQmMgq0CFLY1MslA/CPUfhIL919M1rMsa5lP2P097N2Wd1sSX0tx1u4olM16fLNhtHZpRhedZJphNJqmZg==

"@tsconfig/node12@^1.0.7":
  version "1.0.9"
  resolved "https://registry.yarnpkg.com/@tsconfig/node12/-/node12-1.0.9.tgz#62c1f6dee2ebd9aead80dc3afa56810e58e1a04c"
  integrity sha512-/yBMcem+fbvhSREH+s14YJi18sp7J9jpuhYByADT2rypfajMZZN4WQ6zBGgBKp53NKmqI36wFYDb3yaMPurITw==

"@tsconfig/node14@^1.0.0":
  version "1.0.1"
  resolved "https://registry.yarnpkg.com/@tsconfig/node14/-/node14-1.0.1.tgz#95f2d167ffb9b8d2068b0b235302fafd4df711f2"
  integrity sha512-509r2+yARFfHHE7T6Puu2jjkoycftovhXRqW328PDXTVGKihlb1P8Z9mMZH04ebyajfRY7dedfGynlrFHJUQCg==

"@tsconfig/node16@^1.0.2":
  version "1.0.2"
  resolved "https://registry.yarnpkg.com/@tsconfig/node16/-/node16-1.0.2.tgz#423c77877d0569db20e1fc80885ac4118314010e"
  integrity sha512-eZxlbI8GZscaGS7kkc/trHTT5xgrjH3/1n2JDwusC9iahPKWMRvRjJSAN5mCXviuTGQ/lHnhvv8Q1YTpnfz9gA==

"@types/node@^16.11.33":
  version "16.11.33"
  resolved "https://registry.yarnpkg.com/@types/node/-/node-16.11.33.tgz#566713b1b626f781c5c58fe3531307283e00720c"
  integrity sha512-0PJ0vg+JyU0MIan58IOIFRtSvsb7Ri+7Wltx2qAg94eMOrpg4+uuP3aUHCpxXc1i0jCXiC+zIamSZh3l9AbcQA==

"@vercel/ncc@^0.33.4":
  version "0.33.4"
  resolved "https://registry.yarnpkg.com/@vercel/ncc/-/ncc-0.33.4.tgz#e44a87511f583b7ba88e4b9ae90eeb7ba252b872"
  integrity sha512-ln18hs7dMffelP47tpkaR+V5Tj6coykNyxJrlcmCormPqRQjB/Gv4cu2FfBG+PMzIfdZp2CLDsrrB1NPU22Qhg==

acorn-walk@^8.1.1:
  version "8.2.0"
  resolved "https://registry.yarnpkg.com/acorn-walk/-/acorn-walk-8.2.0.tgz#741210f2e2426454508853a2f44d0ab83b7f69c1"
  integrity sha512-k+iyHEuPgSw6SbuDpGQM+06HQUa04DZ3o+F6CSzXMvvI5KMvnaEqXe+YVe555R9nn6GPt404fos4wcgpw12SDA==

acorn@^8.4.1:
  version "8.7.0"
  resolved "https://registry.yarnpkg.com/acorn/-/acorn-8.7.0.tgz#90951fde0f8f09df93549481e5fc141445b791cf"
  integrity sha512-V/LGr1APy+PXIwKebEWrkZPwoeoF+w1jiOBUmuxuiUIaOHtob8Qc9BTrYo7VuI5fR8tqsy+buA2WFooR5olqvQ==

arg@^4.1.0:
  version "4.1.3"
  resolved "https://registry.yarnpkg.com/arg/-/arg-4.1.3.tgz#269fc7ad5b8e42cb63c896d5666017261c144089"
  integrity sha512-58S9QDqG0Xx27YwPSt9fJxivjYl432YCwfDMfZ+71RAqUrZef7LrKQZ3LHLOwCS4FLNBplP533Zx895SeOCHvA==

bowser@^2.11.0:
  version "2.11.0"
  resolved "https://registry.yarnpkg.com/bowser/-/bowser-2.11.0.tgz#5ca3c35757a7aa5771500c70a73a9f91ef420a8f"
  integrity sha512-AlcaJBi/pqqJBIQ8U9Mcpc9i8Aqxn88Skv5d+xBX006BY5u8N3mGLHa5Lgppa7L/HfwgwLgZ6NYs+Ag6uUmJRA==

commander@~2.1.0:
  version "2.1.0"
  resolved "https://registry.yarnpkg.com/commander/-/commander-2.1.0.tgz#d121bbae860d9992a3d517ba96f56588e47c6781"
  integrity sha1-0SG7roYNmZKj1Re6lvVliOR8Z4E=

create-require@^1.1.0:
  version "1.1.1"
  resolved "https://registry.yarnpkg.com/create-require/-/create-require-1.1.1.tgz#c1d7e8f1e5f6cfc9ff65f9cd352d37348756c333"
  integrity sha512-dcKFX3jn0MpIaXjisoRvexIJVEKzaq7z2rZKxf+MSr9TkdmHmsU4m2lcLojrj/FHl8mk5VxMmYA+ftRkP/3oKQ==

diff@^4.0.1:
  version "4.0.2"
  resolved "https://registry.yarnpkg.com/diff/-/diff-4.0.2.tgz#60f3aecb89d5fae520c11aa19efc2bb982aade7d"
  integrity sha512-58lmxKSA4BNyLz+HHMUzlOEpg09FV+ev6ZMe3vJihgdxzgcwZ8VoEEPmALCZG9LmqfVoNMMKpttIYTVG6uDY7A==

make-error@^1.1.1:
  version "1.3.6"
  resolved "https://registry.yarnpkg.com/make-error/-/make-error-1.3.6.tgz#2eb2e37ea9b67c4891f684a1394799af484cf7a2"
  integrity sha512-s8UhlNe7vPKomQhC1qFelMokr/Sc3AgNbso3n74mVPA5LTZwkB9NlXf4XPamLxJE8h0gh73rM94xvwRT2CVInw==

readlines@^0.2.0:
  version "0.2.0"
  resolved "https://registry.yarnpkg.com/readlines/-/readlines-0.2.0.tgz#289243264e869768b0a789bb86f3383967ab781f"
  integrity sha1-KJJDJk6Gl2iwp4m7hvM4OWereB8=
  dependencies:
    commander "~2.1.0"

ts-node@^10.7.0:
  version "10.7.0"
  resolved "https://registry.yarnpkg.com/ts-node/-/ts-node-10.7.0.tgz#35d503d0fab3e2baa672a0e94f4b40653c2463f5"
  integrity sha512-TbIGS4xgJoX2i3do417KSaep1uRAW/Lu+WAL2doDHC0D6ummjirVOXU5/7aiZotbQ5p1Zp9tP7U6cYhA0O7M8A==
  dependencies:
    "@cspotcode/source-map-support" "0.7.0"
    "@tsconfig/node10" "^1.0.7"
    "@tsconfig/node12" "^1.0.7"
    "@tsconfig/node14" "^1.0.0"
    "@tsconfig/node16" "^1.0.2"
    acorn "^8.4.1"
    acorn-walk "^8.1.1"
    arg "^4.1.0"
    create-require "^1.1.0"
    diff "^4.0.1"
    make-error "^1.1.1"
    v8-compile-cache-lib "^3.0.0"
    yn "3.1.1"

tslib@^1.11.1:
  version "1.14.1"
  resolved "https://registry.yarnpkg.com/tslib/-/tslib-1.14.1.tgz#cf2d38bdc34a134bcaf1091c41f6619e2f672d00"
  integrity sha512-Xni35NKzjgMrwevysHTCArtLDpPvye8zV/0E4EyYn43P7/7qvQwPh9BGkHewbMulVntbigmcT7rdX3BNo9wRJg==

tslib@^2.3.1:
  version "2.3.1"
  resolved "https://registry.yarnpkg.com/tslib/-/tslib-2.3.1.tgz#e8a335add5ceae51aa261d32a490158ef042ef01"
  integrity sha512-77EbyPPpMz+FRFRuAFlWMtmgUWGe9UOG2Z25NqCwiIjRhOf5iKGuzSe5P2w1laq+FkRy4p+PCuVkJSGkzTEKVw==

typescript@^4.6.4:
  version "4.6.4"
  resolved "https://registry.yarnpkg.com/typescript/-/typescript-4.6.4.tgz#caa78bbc3a59e6a5c510d35703f6a09877ce45e9"
  integrity sha512-9ia/jWHIEbo49HfjrLGfKbZSuWo9iTMwXO+Ca3pRsSpbsMbc7/IU8NKdCZVRRBafVPGnoJeFL76ZOAA84I9fEg==

uuid@^8.3.2:
  version "8.3.2"
  resolved "https://registry.yarnpkg.com/uuid/-/uuid-8.3.2.tgz#80d5b5ced271bb9af6c445f21a1a04c606cefbe2"
  integrity sha512-+NYs2QeMWy+GWFOEm9xnn6HCDp0l7QBD7ml8zLUmJ+93Q5NF0NocErnwkTkXVFNiX3/fpC6afS8Dhb/gz7R7eg==

v8-compile-cache-lib@^3.0.0:
  version "3.0.0"
  resolved "https://registry.yarnpkg.com/v8-compile-cache-lib/-/v8-compile-cache-lib-3.0.0.tgz#0582bcb1c74f3a2ee46487ceecf372e46bce53e8"
  integrity sha512-mpSYqfsFvASnSn5qMiwrr4VKfumbPyONLCOPmsR3A6pTY/r0+tSaVbgPWSAIuzbk3lCTa+FForeTiO+wBQGkjA==

yn@3.1.1:
  version "3.1.1"
  resolved "https://registry.yarnpkg.com/yn/-/yn-3.1.1.tgz#1e87401a09d767c1d5eab26a6e4c185182d2eb50"
  integrity sha512-Ux4ygGWsu2c7isFWe8Yu1YluJmqVhxqK2cLXNQA5AcC3QfbGNpM7fu0Y8b/z16pXLnFxZYvWhd3fhBY9DLmC6Q==
