# THIS IS AN AUTOGENERATED FILE. DO NOT EDIT THIS FILE DIRECTLY.
# yarn lockfile v1


"@aws-crypto/ie11-detection@^2.0.0":
  version "2.0.0"
  resolved "https://registry.yarnpkg.com/@aws-crypto/ie11-detection/-/ie11-detection-2.0.0.tgz#bb6c2facf8f03457e949dcf0921477397ffa4c6e"
  integrity sha512-pkVXf/dq6PITJ0jzYZ69VhL8VFOFoPZLZqtU/12SGnzYuJOOGNfF41q9GxdI1yqC8R13Rq3jOLKDFpUJFT5eTA==
  dependencies:
    tslib "^1.11.1"

"@aws-crypto/sha256-browser@2.0.0":
  version "2.0.0"
  resolved "https://registry.yarnpkg.com/@aws-crypto/sha256-browser/-/sha256-browser-2.0.0.tgz#741c9024df55ec59b51e5b1f5d806a4852699fb5"
  integrity sha512-rYXOQ8BFOaqMEHJrLHul/25ckWH6GTJtdLSajhlqGMx0PmSueAuvboCuZCTqEKlxR8CQOwRarxYMZZSYlhRA1A==
  dependencies:
    "@aws-crypto/ie11-detection" "^2.0.0"
    "@aws-crypto/sha256-js" "^2.0.0"
    "@aws-crypto/supports-web-crypto" "^2.0.0"
    "@aws-crypto/util" "^2.0.0"
    "@aws-sdk/types" "^3.1.0"
    "@aws-sdk/util-locate-window" "^3.0.0"
    "@aws-sdk/util-utf8-browser" "^3.0.0"
    tslib "^1.11.1"

"@aws-crypto/sha256-js@2.0.0":
  version "2.0.0"
  resolved "https://registry.yarnpkg.com/@aws-crypto/sha256-js/-/sha256-js-2.0.0.tgz#f1f936039bdebd0b9e2dd834d65afdc2aac4efcb"
  integrity sha512-VZY+mCY4Nmrs5WGfitmNqXzaE873fcIZDu54cbaDaaamsaTOP1DBImV9F4pICc3EHjQXujyE8jig+PFCaew9ig==
  dependencies:
    "@aws-crypto/util" "^2.0.0"
    "@aws-sdk/types" "^3.1.0"
    tslib "^1.11.1"

"@aws-crypto/sha256-js@^2.0.0":
  version "2.0.1"
  resolved "https://registry.yarnpkg.com/@aws-crypto/sha256-js/-/sha256-js-2.0.1.tgz#79e1e6cf61f652ef2089c08d471c722ecf1626a9"
  integrity sha512-mbHTBSPBvg6o/mN/c18Z/zifM05eJrapj5ggoOIeHIWckvkv5VgGi7r/wYpt+QAO2ySKXLNvH2d8L7bne4xrMQ==
  dependencies:
    "@aws-crypto/util" "^2.0.1"
    "@aws-sdk/types" "^3.1.0"
    tslib "^1.11.1"

"@aws-crypto/supports-web-crypto@^2.0.0":
  version "2.0.0"
  resolved "https://registry.yarnpkg.com/@aws-crypto/supports-web-crypto/-/supports-web-crypto-2.0.0.tgz#fd6cde30b88f77d5a4f57b2c37c560d918014f9e"
  integrity sha512-Ge7WQ3E0OC7FHYprsZV3h0QIcpdyJLvIeg+uTuHqRYm8D6qCFJoiC+edSzSyFiHtZf+NOQDJ1q46qxjtzIY2nA==
  dependencies:
    tslib "^1.11.1"

"@aws-crypto/util@^2.0.0", "@aws-crypto/util@^2.0.1":
  version "2.0.1"
  resolved "https://registry.yarnpkg.com/@aws-crypto/util/-/util-2.0.1.tgz#976cf619cf85084ca85ec5eb947a6ac6b8b5c98c"
  integrity sha512-JJmFFwvbm08lULw4Nm5QOLg8+lAQeC8aCXK5xrtxntYzYXCGfHwUJ4Is3770Q7HmICsXthGQ+ZsDL7C2uH3yBQ==
  dependencies:
    "@aws-sdk/types" "^3.1.0"
    "@aws-sdk/util-utf8-browser" "^3.0.0"
    tslib "^1.11.1"

"@aws-sdk/abort-controller@3.55.0":
  version "3.55.0"
  resolved "https://registry.yarnpkg.com/@aws-sdk/abort-controller/-/abort-controller-3.55.0.tgz#779f487cceab7804f2d542925a1918fbe91b42ac"
  integrity sha512-rCcTxJDEFnmvo/PgbhCRv24/Uv03lEGfRslKZq7SjaMcOubflS/ZXYaMEgsjYHgAT0zlpSsyCIkJXmhFaM7H7w==
  dependencies:
    "@aws-sdk/types" "3.55.0"
    tslib "^2.3.1"

"@aws-sdk/client-sso@^3.56.0":
  version "3.56.0"
  resolved "https://registry.yarnpkg.com/@aws-sdk/client-sso/-/client-sso-3.56.0.tgz#925581507a0419a42668bf831f4ff8c64aebc939"
  integrity sha512-5gkbkNK1iaQ7C053HG5yvWNE/AB8w39kxk/VGxACrX6bVZR1tnN36vhInjom83mWlDIu0Tl5WqD8tmkjqCYMFQ==
  dependencies:
    "@aws-crypto/sha256-browser" "2.0.0"
    "@aws-crypto/sha256-js" "2.0.0"
    "@aws-sdk/config-resolver" "3.56.0"
    "@aws-sdk/fetch-http-handler" "3.55.0"
    "@aws-sdk/hash-node" "3.55.0"
    "@aws-sdk/invalid-dependency" "3.55.0"
    "@aws-sdk/middleware-content-length" "3.55.0"
    "@aws-sdk/middleware-host-header" "3.55.0"
    "@aws-sdk/middleware-logger" "3.55.0"
    "@aws-sdk/middleware-retry" "3.56.0"
    "@aws-sdk/middleware-serde" "3.55.0"
    "@aws-sdk/middleware-stack" "3.55.0"
    "@aws-sdk/middleware-user-agent" "3.55.0"
    "@aws-sdk/node-config-provider" "3.56.0"
    "@aws-sdk/node-http-handler" "3.55.0"
    "@aws-sdk/protocol-http" "3.55.0"
    "@aws-sdk/smithy-client" "3.55.0"
    "@aws-sdk/types" "3.55.0"
    "@aws-sdk/url-parser" "3.55.0"
    "@aws-sdk/util-base64-browser" "3.55.0"
    "@aws-sdk/util-base64-node" "3.55.0"
    "@aws-sdk/util-body-length-browser" "3.55.0"
    "@aws-sdk/util-body-length-node" "3.55.0"
    "@aws-sdk/util-defaults-mode-browser" "3.55.0"
    "@aws-sdk/util-defaults-mode-node" "3.56.0"
    "@aws-sdk/util-user-agent-browser" "3.55.0"
    "@aws-sdk/util-user-agent-node" "3.56.0"
    "@aws-sdk/util-utf8-browser" "3.55.0"
    "@aws-sdk/util-utf8-node" "3.55.0"
    tslib "^2.3.1"

"@aws-sdk/config-resolver@3.56.0":
  version "3.56.0"
  resolved "https://registry.yarnpkg.com/@aws-sdk/config-resolver/-/config-resolver-3.56.0.tgz#efaa05fc357aae8635576a832c198aa308062711"
  integrity sha512-Gzx/fkUqixQkNpqoVTyR0+BUpJTfv+9qBNbhBw79V+HnPeY+tyqkVB4vZNJYbYSR6A/rMwYThxPOfvsNDFPk6A==
  dependencies:
    "@aws-sdk/signature-v4" "3.56.0"
    "@aws-sdk/types" "3.55.0"
    "@aws-sdk/util-config-provider" "3.55.0"
    "@aws-sdk/util-middleware" "3.55.0"
    tslib "^2.3.1"

"@aws-sdk/credential-provider-imds@3.56.0":
  version "3.56.0"
  resolved "https://registry.yarnpkg.com/@aws-sdk/credential-provider-imds/-/credential-provider-imds-3.56.0.tgz#dd2fd399e656578d3b12d76b683eeeeb08a5edc9"
  integrity sha512-EibXjFcGtDEm8g9DhGtJpcVLxRhnN1tnrTxwlwTdc510k7F4Aly7PNLT/72tr4IQ8hl9eCCYgsNBpPDlY4pMmQ==
  dependencies:
    "@aws-sdk/node-config-provider" "3.56.0"
    "@aws-sdk/property-provider" "3.55.0"
    "@aws-sdk/types" "3.55.0"
    "@aws-sdk/url-parser" "3.55.0"
    tslib "^2.3.1"

"@aws-sdk/fetch-http-handler@3.55.0":
  version "3.55.0"
  resolved "https://registry.yarnpkg.com/@aws-sdk/fetch-http-handler/-/fetch-http-handler-3.55.0.tgz#510f3ac8ee1ecedc3ea7662db7095a3fa6c5e8a3"
  integrity sha512-/Sta3MLlszpRZ1pg+ClxfNqGvraX93F587eHrfQMaGXgQ2BqJLiAVRorBRGcmmmrHxfLOqspNqufF7ibrqziRQ==
  dependencies:
    "@aws-sdk/protocol-http" "3.55.0"
    "@aws-sdk/querystring-builder" "3.55.0"
    "@aws-sdk/types" "3.55.0"
    "@aws-sdk/util-base64-browser" "3.55.0"
    tslib "^2.3.1"

"@aws-sdk/hash-node@3.55.0":
  version "3.55.0"
  resolved "https://registry.yarnpkg.com/@aws-sdk/hash-node/-/hash-node-3.55.0.tgz#ea58e9b6f2147c59ad4e41e83bd6864df59b331e"
  integrity sha512-2UdYwY/++AlzWEAFaK9wOed2QSxbzV527vmqKjReLHpPKPrSIlooUxlTH3LU6Y6WVDAzDRtLK43KUVXTLgGK1A==
  dependencies:
    "@aws-sdk/types" "3.55.0"
    "@aws-sdk/util-buffer-from" "3.55.0"
    tslib "^2.3.1"

"@aws-sdk/invalid-dependency@3.55.0":
  version "3.55.0"
  resolved "https://registry.yarnpkg.com/@aws-sdk/invalid-dependency/-/invalid-dependency-3.55.0.tgz#5406c80e4be534700b92b61c21a74efd754c9492"
  integrity sha512-delH0lV+78fdD/8MXIt9kTLS6IwHvdhqq9dw/ow5VjTUw+xBwUlfPfZplaai+3hKTKWh6a2WZCeDasNItBv9aA==
  dependencies:
    "@aws-sdk/types" "3.55.0"
    tslib "^2.3.1"

"@aws-sdk/is-array-buffer@3.55.0":
  version "3.55.0"
  resolved "https://registry.yarnpkg.com/@aws-sdk/is-array-buffer/-/is-array-buffer-3.55.0.tgz#c46122c5636f01d5895e5256a587768c3425ea7a"
  integrity sha512-NbiPHVYuPxdqdFd6FxzzN3H1BQn/iWA3ri3Ry7AyLeP/tGs1yzEWMwf8BN8TSMALI0GXT6Sh0GDWy3Ok5xB6DA==
  dependencies:
    tslib "^2.3.1"

"@aws-sdk/middleware-content-length@3.55.0":
  version "3.55.0"
  resolved "https://registry.yarnpkg.com/@aws-sdk/middleware-content-length/-/middleware-content-length-3.55.0.tgz#5191a3f4b60991eefc8a82ac1745819e5e019229"
  integrity sha512-IkFBwa1G5ERfKFh4Kdtcn/aNAGi3Hcp9IO1PVt69LZWaevxjXAi5NS2k65E9mZPEumzuLtcEeC+3qhPs4FUkqQ==
  dependencies:
    "@aws-sdk/protocol-http" "3.55.0"
    "@aws-sdk/types" "3.55.0"
    tslib "^2.3.1"

"@aws-sdk/middleware-host-header@3.55.0":
  version "3.55.0"
  resolved "https://registry.yarnpkg.com/@aws-sdk/middleware-host-header/-/middleware-host-header-3.55.0.tgz#f0c2464f0635ec734c08dd7e9ee04a66664f94d3"
  integrity sha512-69mTWJfuPP4aC+h2/cb9B2CUNA9tiRPUBp67dmMrA2dHyy53kNYo8TGgfLKProoBidBz/AVXIfnh+izJj0F20w==
  dependencies:
    "@aws-sdk/protocol-http" "3.55.0"
    "@aws-sdk/types" "3.55.0"
    tslib "^2.3.1"

"@aws-sdk/middleware-logger@3.55.0":
  version "3.55.0"
  resolved "https://registry.yarnpkg.com/@aws-sdk/middleware-logger/-/middleware-logger-3.55.0.tgz#83adc985a3a98493519384565e0c1a06552b8704"
  integrity sha512-PtRbVrxEzDmeV9prBIP4/9or7R5Dj66mjbFSvNRGZ0n+UBfBFfVRfNrhQPNzQpfV9A3KVl9YyWCVXDSW+/rk9Q==
  dependencies:
    "@aws-sdk/types" "3.55.0"
    tslib "^2.3.1"

"@aws-sdk/middleware-retry@3.56.0":
  version "3.56.0"
  resolved "https://registry.yarnpkg.com/@aws-sdk/middleware-retry/-/middleware-retry-3.56.0.tgz#dc9ba21d3e70ef769cf566860a7f230901bd0794"
  integrity sha512-AkunQvVex5JimQ+xLDcPcdsseVdvxE5rUSPh/NKLGO0bOyMxPnJSRlOxrOoibK0i1BPHkTpwdx+BDFrWiRLqug==
  dependencies:
    "@aws-sdk/protocol-http" "3.55.0"
    "@aws-sdk/service-error-classification" "3.55.0"
    "@aws-sdk/types" "3.55.0"
    "@aws-sdk/util-middleware" "3.55.0"
    tslib "^2.3.1"
    uuid "^8.3.2"

"@aws-sdk/middleware-serde@3.55.0":
  version "3.55.0"
  resolved "https://registry.yarnpkg.com/@aws-sdk/middleware-serde/-/middleware-serde-3.55.0.tgz#326a0696255868a9dfca7c482a616897e9d54fdf"
  integrity sha512-NkEbTDrSZcC2NhuvfjXHKJEl0xgI2B5tMAwi/rMOq/TEnARwVUL9qAy+5lgeiPCqebiNllWatARrFgAaYf0VeA==
  dependencies:
    "@aws-sdk/types" "3.55.0"
    tslib "^2.3.1"

"@aws-sdk/middleware-stack@3.55.0":
  version "3.55.0"
  resolved "https://registry.yarnpkg.com/@aws-sdk/middleware-stack/-/middleware-stack-3.55.0.tgz#e99ffb0bdd6861ec3b5a667561dc41dfcb44d36b"
  integrity sha512-ouD+wFz8W2R0ZQ8HrbhgN8tg1jyINEg9lPEEXY79w1Q5sf94LJ90XKAMVk02rw3dJalUWjLHf0OQe1/qxZfHyA==
  dependencies:
    tslib "^2.3.1"

"@aws-sdk/middleware-user-agent@3.55.0":
  version "3.55.0"
  resolved "https://registry.yarnpkg.com/@aws-sdk/middleware-user-agent/-/middleware-user-agent-3.55.0.tgz#c269323c48a9fd119eeb66b51f706ad18f0b7517"
  integrity sha512-UOBimkQrj6onXb3Fyuao85IjipnDSowNHfOOl3ADVX9boA/A4db5QAXBSxThV0WHLArC0iiUsnwu95ElSSMVIg==
  dependencies:
    "@aws-sdk/protocol-http" "3.55.0"
    "@aws-sdk/types" "3.55.0"
    tslib "^2.3.1"

"@aws-sdk/node-config-provider@3.56.0":
  version "3.56.0"
  resolved "https://registry.yarnpkg.com/@aws-sdk/node-config-provider/-/node-config-provider-3.56.0.tgz#ded1120f68676df3427e1482ab16c2b05184d085"
  integrity sha512-2uCisndaymG/tXsfVj+ZqybmNTRJwhTm3sPBB8+utSDcUe7PWR0viNEqR2lPO5Uds1zOQm4MPv1v+j4jZufFyw==
  dependencies:
    "@aws-sdk/property-provider" "3.55.0"
    "@aws-sdk/shared-ini-file-loader" "3.56.0"
    "@aws-sdk/types" "3.55.0"
    tslib "^2.3.1"

"@aws-sdk/node-http-handler@3.55.0":
  version "3.55.0"
  resolved "https://registry.yarnpkg.com/@aws-sdk/node-http-handler/-/node-http-handler-3.55.0.tgz#27eb705e008f24c61aa85ab1031e3a5c220f0b46"
  integrity sha512-yF4YQr72YgVgWO9IDOhDcncqlKUJmMCtserAYhKNvmkVuaMGHE11p+IByWgcIsMJTvtFaFBhTA3W7zhJB1C1xA==
  dependencies:
    "@aws-sdk/abort-controller" "3.55.0"
    "@aws-sdk/protocol-http" "3.55.0"
    "@aws-sdk/querystring-builder" "3.55.0"
    "@aws-sdk/types" "3.55.0"
    tslib "^2.3.1"

"@aws-sdk/property-provider@3.55.0":
  version "3.55.0"
  resolved "https://registry.yarnpkg.com/@aws-sdk/property-provider/-/property-provider-3.55.0.tgz#0eabe5e84d9258c85c2c5e44bcb09379ae9429d2"
  integrity sha512-o7cKFJSHq5WOhwPsspYrzNto35oKKZvESZuWDtLxaZKSI6l7zpA366BI4kDG6Tc9i2+teV553MbxyZ9eya5A8g==
  dependencies:
    "@aws-sdk/types" "3.55.0"
    tslib "^2.3.1"

"@aws-sdk/protocol-http@3.55.0":
  version "3.55.0"
  resolved "https://registry.yarnpkg.com/@aws-sdk/protocol-http/-/protocol-http-3.55.0.tgz#72161d7e0e007713265e31382243be6e0b08724c"
  integrity sha512-vNjjsP5bFuKQMhmuBQZDddH441xanPbm8n42qgfigv0RzgWQhvUFrnmZWLBdyY8geY0RwsQ6x9yfQ0gvs48tpw==
  dependencies:
    "@aws-sdk/types" "3.55.0"
    tslib "^2.3.1"

"@aws-sdk/querystring-builder@3.55.0":
  version "3.55.0"
  resolved "https://registry.yarnpkg.com/@aws-sdk/querystring-builder/-/querystring-builder-3.55.0.tgz#7d6d4e2c597eb3d636bd3a368b494dac175ba329"
  integrity sha512-/ZAXNipt9nRR8k+eowwukE/YjXnQ49p5w/MkaQxsBk3IuIf7MAcgVg8glHr0igH84GfUQ7ZVP8v+G2S3tKUG+Q==
  dependencies:
    "@aws-sdk/types" "3.55.0"
    "@aws-sdk/util-uri-escape" "3.55.0"
    tslib "^2.3.1"

"@aws-sdk/querystring-parser@3.55.0":
  version "3.55.0"
  resolved "https://registry.yarnpkg.com/@aws-sdk/querystring-parser/-/querystring-parser-3.55.0.tgz#ea35642c1b8324dd896d45185f99ad9d6c3af6d2"
  integrity sha512-e+2FLgo+eDx7oh7ap5HngN9XSVMxredAVztLHxCcSN0lFHHHzMa8b2SpXbaowUxQHh7ziymSqvOrPYFQ71Filg==
  dependencies:
    "@aws-sdk/types" "3.55.0"
    tslib "^2.3.1"

"@aws-sdk/service-error-classification@3.55.0":
  version "3.55.0"
  resolved "https://registry.yarnpkg.com/@aws-sdk/service-error-classification/-/service-error-classification-3.55.0.tgz#4a85d2d947102c50076bd2af295f62abd74e26ab"
  integrity sha512-HdjnDyarsa1Avq1MJurkLyEe9c3eRa76dPmK4TmRGgwJ+tInEzGHL0rBW7V8xBK+PDF+fJQ71hvm8jPYmzvBwQ==

"@aws-sdk/shared-ini-file-loader@3.56.0", "@aws-sdk/shared-ini-file-loader@^3.56.0":
  version "3.56.0"
  resolved "https://registry.yarnpkg.com/@aws-sdk/shared-ini-file-loader/-/shared-ini-file-loader-3.56.0.tgz#3c1664048d16166094581581fb821cf2855fbbd8"
  integrity sha512-dCy3mXqYKK76iep9rn2inFrPOlGURvoO+B0Ygem0jgkDuxIF8t5wa10WHWB2ee8qZRlfwPYtcVdpEm2398St3g==
  dependencies:
    tslib "^2.3.1"

"@aws-sdk/signature-v4@3.56.0":
  version "3.56.0"
  resolved "https://registry.yarnpkg.com/@aws-sdk/signature-v4/-/signature-v4-3.56.0.tgz#ff4600af607c99484b45cf7167b9ee1902a7283a"
  integrity sha512-aCvYQDMSAPe2K1lk0A+B+4xPBF50zf5ufO2k6FmBba020kqe8ODZjLq6vJJJfwrywc1B+2xWKvdpvCB7qbAOUw==
  dependencies:
    "@aws-sdk/is-array-buffer" "3.55.0"
    "@aws-sdk/types" "3.55.0"
    "@aws-sdk/util-hex-encoding" "3.55.0"
    "@aws-sdk/util-middleware" "3.55.0"
    "@aws-sdk/util-uri-escape" "3.55.0"
    tslib "^2.3.1"

"@aws-sdk/smithy-client@3.55.0":
  version "3.55.0"
  resolved "https://registry.yarnpkg.com/@aws-sdk/smithy-client/-/smithy-client-3.55.0.tgz#bf1f5a64d1d2374c291338a52f6c75c6d67e8148"
  integrity sha512-YgBpqg6R3Qg8CH9biOP1N1lYTvh8VLGD6AoDGgy/R1dQSqRQuxgKANLl3DOVcZnIZLsw4TdB0m7U+ZPtirPR1Q==
  dependencies:
    "@aws-sdk/middleware-stack" "3.55.0"
    "@aws-sdk/types" "3.55.0"
    tslib "^2.3.1"

"@aws-sdk/types@3.55.0", "@aws-sdk/types@^3.1.0":
  version "3.55.0"
  resolved "https://registry.yarnpkg.com/@aws-sdk/types/-/types-3.55.0.tgz#d524d567e2b2722f2d6be83e2417dd6d46ce1490"
  integrity sha512-wrDZjuy1CVAYxDCbm3bWQIKMGfNs7XXmG0eG4858Ixgqmq2avsIn5TORy8ynBxcXn9aekV/+tGEQ7BBSYzIVNQ==

"@aws-sdk/url-parser@3.55.0":
  version "3.55.0"
  resolved "https://registry.yarnpkg.com/@aws-sdk/url-parser/-/url-parser-3.55.0.tgz#03b47a45c591d52c9d00dc40c630b91094991fe7"
  integrity sha512-qrTwN5xIgTLreqLnZ+x3cAudjNKfxi6srW1H/px2mk4lb2U9B4fpGjZ6VU+XV8U2kR+YlT8J6Jo5iwuVGfC91A==
  dependencies:
    "@aws-sdk/querystring-parser" "3.55.0"
    "@aws-sdk/types" "3.55.0"
    tslib "^2.3.1"

"@aws-sdk/util-base64-browser@3.55.0":
  version "3.55.0"
  resolved "https://registry.yarnpkg.com/@aws-sdk/util-base64-browser/-/util-base64-browser-3.55.0.tgz#11b644fe15969f7b106ff0fbaf5c03c3c350aab8"
  integrity sha512-3hrZ2R/ZyD3IM25KhETOGLC5tB/ft8zoyVmNg1l4+takoUm46ompnglFXCVkWBu9Hpxc+M4XtiY7MHE6es4Wtg==
  dependencies:
    tslib "^2.3.1"

"@aws-sdk/util-base64-node@3.55.0":
  version "3.55.0"
  resolved "https://registry.yarnpkg.com/@aws-sdk/util-base64-node/-/util-base64-node-3.55.0.tgz#da9a3fd6752be49163572144793e6b23d0186ff4"
  integrity sha512-UQ/ZuNoAc8CFMpSiRYmevaTsuRKzLwulZTnM8LNlIt9Wx1tpNvqp80cfvVj7yySKROtEi20wq29h31dZf1eYNQ==
  dependencies:
    "@aws-sdk/util-buffer-from" "3.55.0"
    tslib "^2.3.1"

"@aws-sdk/util-body-length-browser@3.55.0":
  version "3.55.0"
  resolved "https://registry.yarnpkg.com/@aws-sdk/util-body-length-browser/-/util-body-length-browser-3.55.0.tgz#9c2637097501032f6a1afddb76687415fe9b44b6"
  integrity sha512-Ei2OCzXQw5N6ZkTMZbamUzc1z+z1R1Ja5tMEagz5BxuX4vWdBObT+uGlSzL8yvTbjoPjnxWA2aXyEqaUP3JS8Q==
  dependencies:
    tslib "^2.3.1"

"@aws-sdk/util-body-length-node@3.55.0":
  version "3.55.0"
  resolved "https://registry.yarnpkg.com/@aws-sdk/util-body-length-node/-/util-body-length-node-3.55.0.tgz#67049bbb6c62d794a1bb5a13b9a678988c925489"
  integrity sha512-lU1d4I+9wJwydduXs0SxSfd+mHKjxeyd39VwOv6i2KSwWkPbji9UQqpflKLKw+r45jL7+xU/zfeTUg5Tt/3Gew==
  dependencies:
    tslib "^2.3.1"

"@aws-sdk/util-buffer-from@3.55.0":
  version "3.55.0"
  resolved "https://registry.yarnpkg.com/@aws-sdk/util-buffer-from/-/util-buffer-from-3.55.0.tgz#e7c927974b07a29502aa1ad58509b91d0d7cf0f7"
  integrity sha512-uVzKG1UgvnV7XX2FPTylBujYMKBPBaq/qFBxfl0LVNfrty7YjpfieQxAe6yRLD+T0Kir/WDQwGvYC+tOYG3IGA==
  dependencies:
    "@aws-sdk/is-array-buffer" "3.55.0"
    tslib "^2.3.1"

"@aws-sdk/util-config-provider@3.55.0":
  version "3.55.0"
  resolved "https://registry.yarnpkg.com/@aws-sdk/util-config-provider/-/util-config-provider-3.55.0.tgz#720c6c0ac1aa8d14be29d1dee25e01eb4925c0ce"
  integrity sha512-30dzofQQfx6tp1jVZkZ0DGRsT0wwC15nEysKRiAcjncM64A0Cm6sra77d0os3vbKiKoPCI/lMsFr4o3533+qvQ==
  dependencies:
    tslib "^2.3.1"

"@aws-sdk/util-defaults-mode-browser@3.55.0":
  version "3.55.0"
  resolved "https://registry.yarnpkg.com/@aws-sdk/util-defaults-mode-browser/-/util-defaults-mode-browser-3.55.0.tgz#c2dc19c908264f643f2f345017efd7addd3824e4"
  integrity sha512-OS3gAwR84bHz7ObhjsSJM+grfeaBq3leGrj7xiX4BH3C8J+c10GMo3fqx1pV8Fq5F+9lMmhHpfOocD63SN5Q8A==
  dependencies:
    "@aws-sdk/property-provider" "3.55.0"
    "@aws-sdk/types" "3.55.0"
    bowser "^2.11.0"
    tslib "^2.3.1"

"@aws-sdk/util-defaults-mode-node@3.56.0":
  version "3.56.0"
  resolved "https://registry.yarnpkg.com/@aws-sdk/util-defaults-mode-node/-/util-defaults-mode-node-3.56.0.tgz#b14eae6ed6c5301a2c281c11ef69f17e6d8c12e7"
  integrity sha512-NKHW5kxH5EIcAa4b0Vua6t75z5D3lanwbAeiHzYrA1MeDIFlfXHs/kiHT2KTpr6stZZEEVPOEwb628AnkHAZTg==
  dependencies:
    "@aws-sdk/config-resolver" "3.56.0"
    "@aws-sdk/credential-provider-imds" "3.56.0"
    "@aws-sdk/node-config-provider" "3.56.0"
    "@aws-sdk/property-provider" "3.55.0"
    "@aws-sdk/types" "3.55.0"
    tslib "^2.3.1"

"@aws-sdk/util-hex-encoding@3.55.0":
  version "3.55.0"
  resolved "https://registry.yarnpkg.com/@aws-sdk/util-hex-encoding/-/util-hex-encoding-3.55.0.tgz#d076c2c436c5197b87dd092d4990de976cba21f4"
  integrity sha512-zbDWNzIyqN2Po7SIo1ZDL4rQMP3R0TzGcCrm01bpQAb+2fWqUPigolvNZXXtMO6eS7EW3ZJJzkfoWHdH8zDz1A==
  dependencies:
    tslib "^2.3.1"

"@aws-sdk/util-locate-window@^3.0.0":
  version "3.55.0"
  resolved "https://registry.yarnpkg.com/@aws-sdk/util-locate-window/-/util-locate-window-3.55.0.tgz#a4136a20ee1bfcb73967a6614caf769ef79db070"
  integrity sha512-0sPmK2JaJE2BbTcnvybzob/VrFKCXKfN4CUKcvn0yGg/me7Bz+vtzQRB3Xp+YSx+7OtWxzv63wsvHoAnXvgxgg==
  dependencies:
    tslib "^2.3.1"

"@aws-sdk/util-middleware@3.55.0":
  version "3.55.0"
  resolved "https://registry.yarnpkg.com/@aws-sdk/util-middleware/-/util-middleware-3.55.0.tgz#22acf3ae45e3bbe9c1cc39d84e14aafb842fdcf0"
  integrity sha512-82fW2XV+rUalv8lkd4VlhpPp6xnXO5n9sckMp1N+TrQ+p8eqxqT0+o8n1/6s9Qsnkw64Y3m6+EfCdc8/uFOY2g==
  dependencies:
    tslib "^2.3.1"

"@aws-sdk/util-uri-escape@3.55.0":
  version "3.55.0"
  resolved "https://registry.yarnpkg.com/@aws-sdk/util-uri-escape/-/util-uri-escape-3.55.0.tgz#ee57743c628a1c9f942dfe73205ce890ec011916"
  integrity sha512-mmdDLUpFCN2nkfwlLdOM54lTD528GiGSPN1qb8XtGLgZsJUmg3uJSFIN2lPeSbEwJB3NFjVas/rnQC48i7mV8w==
  dependencies:
    tslib "^2.3.1"

"@aws-sdk/util-user-agent-browser@3.55.0":
  version "3.55.0"
  resolved "https://registry.yarnpkg.com/@aws-sdk/util-user-agent-browser/-/util-user-agent-browser-3.55.0.tgz#3fe1220065f14edd85a31dc9e0795ba11231be54"
  integrity sha512-E+8PluqbdOKfdJc9E4k0vy4PPb9wvAMa2Zdm5ycoaY0IXRI9RjQJnRw5JKAAJWLuOy7Lb83LgoowGW3o+4AuKw==
  dependencies:
    "@aws-sdk/types" "3.55.0"
    bowser "^2.11.0"
    tslib "^2.3.1"

"@aws-sdk/util-user-agent-node@3.56.0":
  version "3.56.0"
  resolved "https://registry.yarnpkg.com/@aws-sdk/util-user-agent-node/-/util-user-agent-node-3.56.0.tgz#5501d060a241821a4c9178780cd6fd66eb295838"
  integrity sha512-jpWDpEG2M06jqGtk/Jz9Iu94lBI8tdP7r2ctq2ptki9wYNmmWKdIXlS/W0g2UFx3qa9G9W67QI1efSTh2B0nfA==
  dependencies:
    "@aws-sdk/node-config-provider" "3.56.0"
    "@aws-sdk/types" "3.55.0"
    tslib "^2.3.1"

"@aws-sdk/util-utf8-browser@3.55.0", "@aws-sdk/util-utf8-browser@^3.0.0":
  version "3.55.0"
  resolved "https://registry.yarnpkg.com/@aws-sdk/util-utf8-browser/-/util-utf8-browser-3.55.0.tgz#a045bf1a93f6e0ff9c846631b168ea55bbb37668"
  integrity sha512-ljzqJcyjfJpEVSIAxwtIS8xMRUly84BdjlBXyp6cu4G8TUufgjNS31LWdhyGhgmW5vYBNr+LTz0Kwf6J+ou7Ug==
  dependencies:
    tslib "^2.3.1"

"@aws-sdk/util-utf8-node@3.55.0":
  version "3.55.0"
  resolved "https://registry.yarnpkg.com/@aws-sdk/util-utf8-node/-/util-utf8-node-3.55.0.tgz#44cf9f9c8624d144afd65ab8a1786e33134add15"
  integrity sha512-FsFm7GFaC7j0tlPEm/ri8bU2QCwFW5WKjxUg8lm1oWaxplCpKGUsmcfPJ4sw58GIoyoGu4QXBK60oCWosZYYdQ==
  dependencies:
    "@aws-sdk/util-buffer-from" "3.55.0"
    tslib "^2.3.1"

"@cspotcode/source-map-consumer@0.8.0":
  version "0.8.0"
  resolved "https://registry.yarnpkg.com/@cspotcode/source-map-consumer/-/source-map-consumer-0.8.0.tgz#33bf4b7b39c178821606f669bbc447a6a629786b"
  integrity sha512-41qniHzTU8yAGbCp04ohlmSrZf8bkf/iJsl3V0dRGsQN/5GFfx+LbCSsCpp2gqrqjTVg/K6O8ycoV35JIwAzAg==

"@cspotcode/source-map-support@0.7.0":
  version "0.7.0"
  resolved "https://registry.yarnpkg.com/@cspotcode/source-map-support/-/source-map-support-0.7.0.tgz#4789840aa859e46d2f3173727ab707c66bf344f5"
  integrity sha512-X4xqRHqN8ACt2aHVe51OxeA2HjbcL4MqFqXkrmQszJ1NOUuUu5u6Vqx/0lZSVNku7velL5FC/s5uEAj1lsBMhA==
  dependencies:
    "@cspotcode/source-map-consumer" "0.8.0"

"@swc/core-android-arm-eabi@1.2.173":
  version "1.2.173"
  resolved "https://registry.yarnpkg.com/@swc/core-android-arm-eabi/-/core-android-arm-eabi-1.2.173.tgz#9923c5ff79fd29c7d6ab2c8d64c07b5d672c3eeb"
  integrity sha512-8ZfP3xrMhMbUznEAuJz8gy+Y+SLYQswuirclHv72VGhT01198dnb70dxokIDolZPp9SKfHtPtj6fHTXl6cenaA==

"@swc/core-android-arm64@1.2.173":
  version "1.2.173"
  resolved "https://registry.yarnpkg.com/@swc/core-android-arm64/-/core-android-arm64-1.2.173.tgz#28b1be6dbafea6e7fbba8326fac28d855786c54f"
  integrity sha512-3JwPSZLlRdJrgHxqzRDtoNWWO72FnB0O99M0hpWIqeKtT+JjAsjnWpG8AQVSR6K6umgMCOa+6BdbFvDp7fVViw==

"@swc/core-darwin-arm64@1.2.173":
  version "1.2.173"
  resolved "https://registry.yarnpkg.com/@swc/core-darwin-arm64/-/core-darwin-arm64-1.2.173.tgz#5482bcca2aae14cd40ad66a6d2d6c44e9fc0d950"
  integrity sha512-ygshqTlu+nyf9URH6nvRxQcCwVbECvCsBqcwb/xQQLAGh/t6FIwjGwisjTJ8or1StoDmC3n4yamTJ9duSU95AQ==

"@swc/core-darwin-x64@1.2.173":
  version "1.2.173"
  resolved "https://registry.yarnpkg.com/@swc/core-darwin-x64/-/core-darwin-x64-1.2.173.tgz#1733fa1326d48aba6b01d7057d72bf3037e16047"
  integrity sha512-HLmBvQKpLfCu4WZ9+h6DszPy5gid1VmuTjqh4Q3fHS7EaKOs7Bk7NtMbxlJzliir++tLt3xPIEUlzM1pl6QZkQ==

"@swc/core-freebsd-x64@1.2.173":
  version "1.2.173"
  resolved "https://registry.yarnpkg.com/@swc/core-freebsd-x64/-/core-freebsd-x64-1.2.173.tgz#6b846f0ff8da3441f6586a7de129e22e9cbace82"
  integrity sha512-XpI+Cn+yr9HeWo6NH3vmna++UQQUGuq8S9T6CmoYOAm1ApneQeOoJQy259C9bMD2AiXWIMJtvULMbm+EO+A+jQ==

"@swc/core-linux-arm-gnueabihf@1.2.173":
  version "1.2.173"
  resolved "https://registry.yarnpkg.com/@swc/core-linux-arm-gnueabihf/-/core-linux-arm-gnueabihf-1.2.173.tgz#88d4baeef7056577cf413994cef012dfadcdd9ee"
  integrity sha512-8imFCNXb4pX+unPxKCJZMelPBh/WY7Kx2O11X9cpuxRcmVpZsodJPscreJJrTaAliq88feIox+V6k6oWlIzTCw==

"@swc/core-linux-arm64-gnu@1.2.173":
  version "1.2.173"
  resolved "https://registry.yarnpkg.com/@swc/core-linux-arm64-gnu/-/core-linux-arm64-gnu-1.2.173.tgz#9f2889b9644288af1112823d6a8158f774c4cfb7"
  integrity sha512-PhK0etjVWM29L8mjDcu6tBSWjexL/f0uta6nxPh44DrofxBKandvgKW6EcFekZDx1QFa2vy0aqb+JUV52tDRlw==

"@swc/core-linux-arm64-musl@1.2.173":
  version "1.2.173"
  resolved "https://registry.yarnpkg.com/@swc/core-linux-arm64-musl/-/core-linux-arm64-musl-1.2.173.tgz#ffdbc1da7d6b0e63461edba8859a764ee78d3a98"
  integrity sha512-uOq8skOvDBycQWloYixp4Ml+ZQl8YyR1WwVtuuHPXNxV0eMn3eryGpqezqMzBFkadRIKLREdnGfIiG5/oZiGlw==

"@swc/core-linux-x64-gnu@1.2.173":
  version "1.2.173"
  resolved "https://registry.yarnpkg.com/@swc/core-linux-x64-gnu/-/core-linux-x64-gnu-1.2.173.tgz#eae8caf2232e28dfa993f12f6018018563e630b5"
  integrity sha512-0jCfUFOxSAGEVRPHziCIPxD0zMmMRvYKK8PkdWMvPG2DKi4ITI/wRq+4sGj87dLHWybXhtolu/ceErMWv5L+kw==

"@swc/core-linux-x64-musl@1.2.173":
  version "1.2.173"
  resolved "https://registry.yarnpkg.com/@swc/core-linux-x64-musl/-/core-linux-x64-musl-1.2.173.tgz#e14117b5004865a389ca06abdfdc6a80b0bf88bd"
  integrity sha512-qL/Cb813U7hEXPpqd+O2W0HhcW2TpettQBlb99wyjCfVe0I2eg+S83cg6SV7tSmDRJ5SCezxNcbrnBZjqOw/MA==

"@swc/core-win32-arm64-msvc@1.2.173":
  version "1.2.173"
  resolved "https://registry.yarnpkg.com/@swc/core-win32-arm64-msvc/-/core-win32-arm64-msvc-1.2.173.tgz#b23b05797c3c85f4dd0a4011dc3cb785a3ff3737"
  integrity sha512-ik9pmhc/Jt0Q/JDPj65fJr2S4eNuwipLdDkfc5C/CvWKWSFPuDoxIThPc26vExF+RnaAh3qk/jbsgc2SeD48wg==

"@swc/core-win32-ia32-msvc@1.2.173":
  version "1.2.173"
  resolved "https://registry.yarnpkg.com/@swc/core-win32-ia32-msvc/-/core-win32-ia32-msvc-1.2.173.tgz#da19d56de1299d6ef32c6e3c6ce2a6b8f0777c57"
  integrity sha512-l68d516QiVCAmJzFKHO7o3PSDXopaDCRlHdXcOUIM6OFyNsdKV2cJ3NeDrbCLEIUPeeH1tdtfV6yHlvmEOEPew==

"@swc/core-win32-x64-msvc@1.2.173":
  version "1.2.173"
  resolved "https://registry.yarnpkg.com/@swc/core-win32-x64-msvc/-/core-win32-x64-msvc-1.2.173.tgz#a6db27473a81a258f0b6cfe627bd62d4bcefc49f"
  integrity sha512-gnNI474ZjmHCN1Swtu86URrznnTYM7P6HCvk8ls5mzeDoDCD8qnXz0APWXRM+Rv56C8xYjro9pKbzCP1MYiwwQ==

"@swc/core@^1.2.173":
  version "1.2.173"
  resolved "https://registry.yarnpkg.com/@swc/core/-/core-1.2.173.tgz#aafe15dbc52eb307700ead540c2fa05afa079e9c"
  integrity sha512-scTnWQMxaCN4BCi/IZbqBL8W+ce/Mx7b1hx/xp5EXu1T4hayDhOemq0LsUeeDxHi9xMgR/1hidqa9M6FWXXV+A==
  optionalDependencies:
    "@swc/core-android-arm-eabi" "1.2.173"
    "@swc/core-android-arm64" "1.2.173"
    "@swc/core-darwin-arm64" "1.2.173"
    "@swc/core-darwin-x64" "1.2.173"
    "@swc/core-freebsd-x64" "1.2.173"
    "@swc/core-linux-arm-gnueabihf" "1.2.173"
    "@swc/core-linux-arm64-gnu" "1.2.173"
    "@swc/core-linux-arm64-musl" "1.2.173"
    "@swc/core-linux-x64-gnu" "1.2.173"
    "@swc/core-linux-x64-musl" "1.2.173"
    "@swc/core-win32-arm64-msvc" "1.2.173"
    "@swc/core-win32-ia32-msvc" "1.2.173"
    "@swc/core-win32-x64-msvc" "1.2.173"

"@tsconfig/node10@^1.0.7":
  version "1.0.8"
  resolved "https://registry.yarnpkg.com/@tsconfig/node10/-/node10-1.0.8.tgz#c1e4e80d6f964fbecb3359c43bd48b40f7cadad9"
  integrity sha512-6XFfSQmMgq0CFLY1MslA/CPUfhIL919M1rMsa5lP2P097N2Wd1sSX0tx1u4olM16fLNhtHZpRhedZJphNJqmZg==

"@tsconfig/node12@^1.0.7":
  version "1.0.9"
  resolved "https://registry.yarnpkg.com/@tsconfig/node12/-/node12-1.0.9.tgz#62c1f6dee2ebd9aead80dc3afa56810e58e1a04c"
  integrity sha512-/yBMcem+fbvhSREH+s14YJi18sp7J9jpuhYByADT2rypfajMZZN4WQ6zBGgBKp53NKmqI36wFYDb3yaMPurITw==

"@tsconfig/node14@^1.0.0":
  version "1.0.1"
  resolved "https://registry.yarnpkg.com/@tsconfig/node14/-/node14-1.0.1.tgz#95f2d167ffb9b8d2068b0b235302fafd4df711f2"
  integrity sha512-509r2+yARFfHHE7T6Puu2jjkoycftovhXRqW328PDXTVGKihlb1P8Z9mMZH04ebyajfRY7dedfGynlrFHJUQCg==

"@tsconfig/node16@^1.0.2":
  version "1.0.2"
  resolved "https://registry.yarnpkg.com/@tsconfig/node16/-/node16-1.0.2.tgz#423c77877d0569db20e1fc80885ac4118314010e"
  integrity sha512-eZxlbI8GZscaGS7kkc/trHTT5xgrjH3/1n2JDwusC9iahPKWMRvRjJSAN5mCXviuTGQ/lHnhvv8Q1YTpnfz9gA==

"@types/node@^16.0.0":
  version "16.11.25"
  resolved "https://registry.yarnpkg.com/@types/node/-/node-16.11.25.tgz#bb812b58bacbd060ce85921250d8b4ca553cd4a2"
  integrity sha512-NrTwfD7L1RTc2qrHQD4RTTy4p0CO2LatKBEKEds3CaVuhoM/+DJzmWZl5f+ikR8cm8F5mfJxK+9rQq07gRiSjQ==

"@vercel/ncc@^0.33.4":
  version "0.33.4"
  resolved "https://registry.yarnpkg.com/@vercel/ncc/-/ncc-0.33.4.tgz#e44a87511f583b7ba88e4b9ae90eeb7ba252b872"
  integrity sha512-ln18hs7dMffelP47tpkaR+V5Tj6coykNyxJrlcmCormPqRQjB/Gv4cu2FfBG+PMzIfdZp2CLDsrrB1NPU22Qhg==

acorn-walk@^8.1.1:
  version "8.2.0"
  resolved "https://registry.yarnpkg.com/acorn-walk/-/acorn-walk-8.2.0.tgz#741210f2e2426454508853a2f44d0ab83b7f69c1"
  integrity sha512-k+iyHEuPgSw6SbuDpGQM+06HQUa04DZ3o+F6CSzXMvvI5KMvnaEqXe+YVe555R9nn6GPt404fos4wcgpw12SDA==

acorn@^8.4.1:
  version "8.7.0"
  resolved "https://registry.yarnpkg.com/acorn/-/acorn-8.7.0.tgz#90951fde0f8f09df93549481e5fc141445b791cf"
  integrity sha512-V/LGr1APy+PXIwKebEWrkZPwoeoF+w1jiOBUmuxuiUIaOHtob8Qc9BTrYo7VuI5fR8tqsy+buA2WFooR5olqvQ==

ansi-styles@^4.1.0:
  version "4.3.0"
  resolved "https://registry.yarnpkg.com/ansi-styles/-/ansi-styles-4.3.0.tgz#edd803628ae71c04c85ae7a0906edad34b648937"
  integrity sha512-zbB9rCJAT1rbjiVDb2hqKFHNYLxgtk8NURxZ3IZwD3F6NtxbXZQCnnSi1Lkx+IDohdPlFp222wVALIheZJQSEg==
  dependencies:
    color-convert "^2.0.1"

arg@^4.1.0:
  version "4.1.3"
  resolved "https://registry.yarnpkg.com/arg/-/arg-4.1.3.tgz#269fc7ad5b8e42cb63c896d5666017261c144089"
  integrity sha512-58S9QDqG0Xx27YwPSt9fJxivjYl432YCwfDMfZ+71RAqUrZef7LrKQZ3LHLOwCS4FLNBplP533Zx895SeOCHvA==

bowser@^2.11.0:
  version "2.11.0"
  resolved "https://registry.yarnpkg.com/bowser/-/bowser-2.11.0.tgz#5ca3c35757a7aa5771500c70a73a9f91ef420a8f"
  integrity sha512-AlcaJBi/pqqJBIQ8U9Mcpc9i8Aqxn88Skv5d+xBX006BY5u8N3mGLHa5Lgppa7L/HfwgwLgZ6NYs+Ag6uUmJRA==

chalk@^4.1.2:
  version "4.1.2"
  resolved "https://registry.yarnpkg.com/chalk/-/chalk-4.1.2.tgz#aac4e2b7734a740867aeb16bf02aad556a1e7a01"
  integrity sha512-oKnbhFyRIXpUuez8iBMmyEa4nbj4IOQyuhc/wy9kY7/WVPcwIO9VA668Pu8RkO7+0G76SLROeyw9CpQ061i4mA==
  dependencies:
    ansi-styles "^4.1.0"
    supports-color "^7.1.0"

color-convert@^2.0.1:
  version "2.0.1"
  resolved "https://registry.yarnpkg.com/color-convert/-/color-convert-2.0.1.tgz#72d3a68d598c9bdb3af2ad1e84f21d896abd4de3"
  integrity sha512-RRECPsj7iu/xb5oKYcsFHSppFNnsj/52OVTRKb4zP5onXwVF3zVmmToNcOfGC+CRDpfK/U584fMg38ZHCaElKQ==
  dependencies:
    color-name "~1.1.4"

color-name@~1.1.4:
  version "1.1.4"
  resolved "https://registry.yarnpkg.com/color-name/-/color-name-1.1.4.tgz#c2a09a87acbde69543de6f63fa3995c826c536a2"
  integrity sha512-dOy+3AuW3a2wNbZHIuMZpTcgjGuLU/uBL/ubcZF9OXbDo8ff4O8yVp5Bf0efS8uEoYo5q4Fx7dY9OgQGXgAsQA==

commander@~2.1.0:
  version "2.1.0"
  resolved "https://registry.yarnpkg.com/commander/-/commander-2.1.0.tgz#d121bbae860d9992a3d517ba96f56588e47c6781"
  integrity sha1-0SG7roYNmZKj1Re6lvVliOR8Z4E=

create-require@^1.1.0:
  version "1.1.1"
  resolved "https://registry.yarnpkg.com/create-require/-/create-require-1.1.1.tgz#c1d7e8f1e5f6cfc9ff65f9cd352d37348756c333"
  integrity sha512-dcKFX3jn0MpIaXjisoRvexIJVEKzaq7z2rZKxf+MSr9TkdmHmsU4m2lcLojrj/FHl8mk5VxMmYA+ftRkP/3oKQ==

diff@^4.0.1:
  version "4.0.2"
  resolved "https://registry.yarnpkg.com/diff/-/diff-4.0.2.tgz#60f3aecb89d5fae520c11aa19efc2bb982aade7d"
  integrity sha512-58lmxKSA4BNyLz+HHMUzlOEpg09FV+ev6ZMe3vJihgdxzgcwZ8VoEEPmALCZG9LmqfVoNMMKpttIYTVG6uDY7A==

has-flag@^4.0.0:
  version "4.0.0"
  resolved "https://registry.yarnpkg.com/has-flag/-/has-flag-4.0.0.tgz#944771fd9c81c81265c4d6941860da06bb59479b"
  integrity sha512-EykJT/Q1KjTWctppgIAgfSO0tKVuZUjhgMr17kqTumMl6Afv3EISleU7qZUzoXDFTAHTDC4NOoG/ZxU3EvlMPQ==

make-error@^1.1.1:
  version "1.3.6"
  resolved "https://registry.yarnpkg.com/make-error/-/make-error-1.3.6.tgz#2eb2e37ea9b67c4891f684a1394799af484cf7a2"
  integrity sha512-s8UhlNe7vPKomQhC1qFelMokr/Sc3AgNbso3n74mVPA5LTZwkB9NlXf4XPamLxJE8h0gh73rM94xvwRT2CVInw==

readlines@^0.2.0:
  version "0.2.0"
  resolved "https://registry.yarnpkg.com/readlines/-/readlines-0.2.0.tgz#289243264e869768b0a789bb86f3383967ab781f"
  integrity sha1-KJJDJk6Gl2iwp4m7hvM4OWereB8=
  dependencies:
    commander "~2.1.0"

supports-color@^7.1.0:
  version "7.2.0"
  resolved "https://registry.yarnpkg.com/supports-color/-/supports-color-7.2.0.tgz#1b7dcdcb32b8138801b3e478ba6a51caa89648da"
  integrity sha512-qpCAvRl9stuOHveKsn7HncJRvv501qIacKzQlO/+Lwxc9+0q2wLyv4Dfvt80/DPn2pqOBsJdDiogXGR9+OvwRw==
  dependencies:
    has-flag "^4.0.0"

ts-node@^10.7.0:
  version "10.7.0"
  resolved "https://registry.yarnpkg.com/ts-node/-/ts-node-10.7.0.tgz#35d503d0fab3e2baa672a0e94f4b40653c2463f5"
  integrity sha512-TbIGS4xgJoX2i3do417KSaep1uRAW/Lu+WAL2doDHC0D6ummjirVOXU5/7aiZotbQ5p1Zp9tP7U6cYhA0O7M8A==
  dependencies:
    "@cspotcode/source-map-support" "0.7.0"
    "@tsconfig/node10" "^1.0.7"
    "@tsconfig/node12" "^1.0.7"
    "@tsconfig/node14" "^1.0.0"
    "@tsconfig/node16" "^1.0.2"
    acorn "^8.4.1"
    acorn-walk "^8.1.1"
    arg "^4.1.0"
    create-require "^1.1.0"
    diff "^4.0.1"
    make-error "^1.1.1"
    v8-compile-cache-lib "^3.0.0"
    yn "3.1.1"

tslib@^1.11.1:
  version "1.14.1"
  resolved "https://registry.yarnpkg.com/tslib/-/tslib-1.14.1.tgz#cf2d38bdc34a134bcaf1091c41f6619e2f672d00"
  integrity sha512-Xni35NKzjgMrwevysHTCArtLDpPvye8zV/0E4EyYn43P7/7qvQwPh9BGkHewbMulVntbigmcT7rdX3BNo9wRJg==

tslib@^2.3.1:
  version "2.3.1"
  resolved "https://registry.yarnpkg.com/tslib/-/tslib-2.3.1.tgz#e8a335add5ceae51aa261d32a490158ef042ef01"
  integrity sha512-77EbyPPpMz+FRFRuAFlWMtmgUWGe9UOG2Z25NqCwiIjRhOf5iKGuzSe5P2w1laq+FkRy4p+PCuVkJSGkzTEKVw==

typescript@^4.6.4:
  version "4.6.4"
  resolved "https://registry.yarnpkg.com/typescript/-/typescript-4.6.4.tgz#caa78bbc3a59e6a5c510d35703f6a09877ce45e9"
  integrity sha512-9ia/jWHIEbo49HfjrLGfKbZSuWo9iTMwXO+Ca3pRsSpbsMbc7/IU8NKdCZVRRBafVPGnoJeFL76ZOAA84I9fEg==

uuid@^8.3.2:
  version "8.3.2"
  resolved "https://registry.yarnpkg.com/uuid/-/uuid-8.3.2.tgz#80d5b5ced271bb9af6c445f21a1a04c606cefbe2"
  integrity sha512-+NYs2QeMWy+GWFOEm9xnn6HCDp0l7QBD7ml8zLUmJ+93Q5NF0NocErnwkTkXVFNiX3/fpC6afS8Dhb/gz7R7eg==

v8-compile-cache-lib@^3.0.0:
  version "3.0.0"
  resolved "https://registry.yarnpkg.com/v8-compile-cache-lib/-/v8-compile-cache-lib-3.0.0.tgz#0582bcb1c74f3a2ee46487ceecf372e46bce53e8"
  integrity sha512-mpSYqfsFvASnSn5qMiwrr4VKfumbPyONLCOPmsR3A6pTY/r0+tSaVbgPWSAIuzbk3lCTa+FForeTiO+wBQGkjA==

yn@3.1.1:
  version "3.1.1"
  resolved "https://registry.yarnpkg.com/yn/-/yn-3.1.1.tgz#1e87401a09d767c1d5eab26a6e4c185182d2eb50"
  integrity sha512-Ux4ygGWsu2c7isFWe8Yu1YluJmqVhxqK2cLXNQA5AcC3QfbGNpM7fu0Y8b/z16pXLnFxZYvWhd3fhBY9DLmC6Q==
