# THIS IS AN AUTOGENERATED FILE. DO NOT EDIT THIS FILE DIRECTLY.
# yarn lockfile v1


"@aws-crypto/ie11-detection@^2.0.0":
  version "2.0.0"
  resolved "https://registry.yarnpkg.com/@aws-crypto/ie11-detection/-/ie11-detection-2.0.0.tgz#bb6c2facf8f03457e949dcf0921477397ffa4c6e"
  integrity sha512-pkVXf/dq6PITJ0jzYZ69VhL8VFOFoPZLZqtU/12SGnzYuJOOGNfF41q9GxdI1yqC8R13Rq3jOLKDFpUJFT5eTA==
  dependencies:
    tslib "^1.11.1"

"@aws-crypto/sha256-browser@2.0.0":
  version "2.0.0"
  resolved "https://registry.yarnpkg.com/@aws-crypto/sha256-browser/-/sha256-browser-2.0.0.tgz#741c9024df55ec59b51e5b1f5d806a4852699fb5"
  integrity sha512-rYXOQ8BFOaqMEHJrLHul/25ckWH6GTJtdLSajhlqGMx0PmSueAuvboCuZCTqEKlxR8CQOwRarxYMZZSYlhRA1A==
  dependencies:
    "@aws-crypto/ie11-detection" "^2.0.0"
    "@aws-crypto/sha256-js" "^2.0.0"
    "@aws-crypto/supports-web-crypto" "^2.0.0"
    "@aws-crypto/util" "^2.0.0"
    "@aws-sdk/types" "^3.1.0"
    "@aws-sdk/util-locate-window" "^3.0.0"
    "@aws-sdk/util-utf8-browser" "^3.0.0"
    tslib "^1.11.1"

"@aws-crypto/sha256-js@2.0.0":
  version "2.0.0"
  resolved "https://registry.yarnpkg.com/@aws-crypto/sha256-js/-/sha256-js-2.0.0.tgz#f1f936039bdebd0b9e2dd834d65afdc2aac4efcb"
  integrity sha512-VZY+mCY4Nmrs5WGfitmNqXzaE873fcIZDu54cbaDaaamsaTOP1DBImV9F4pICc3EHjQXujyE8jig+PFCaew9ig==
  dependencies:
    "@aws-crypto/util" "^2.0.0"
    "@aws-sdk/types" "^3.1.0"
    tslib "^1.11.1"

"@aws-crypto/sha256-js@^2.0.0":
  version "2.0.1"
  resolved "https://registry.yarnpkg.com/@aws-crypto/sha256-js/-/sha256-js-2.0.1.tgz#79e1e6cf61f652ef2089c08d471c722ecf1626a9"
  integrity sha512-mbHTBSPBvg6o/mN/c18Z/zifM05eJrapj5ggoOIeHIWckvkv5VgGi7r/wYpt+QAO2ySKXLNvH2d8L7bne4xrMQ==
  dependencies:
    "@aws-crypto/util" "^2.0.1"
    "@aws-sdk/types" "^3.1.0"
    tslib "^1.11.1"

"@aws-crypto/supports-web-crypto@^2.0.0":
  version "2.0.0"
  resolved "https://registry.yarnpkg.com/@aws-crypto/supports-web-crypto/-/supports-web-crypto-2.0.0.tgz#fd6cde30b88f77d5a4f57b2c37c560d918014f9e"
  integrity sha512-Ge7WQ3E0OC7FHYprsZV3h0QIcpdyJLvIeg+uTuHqRYm8D6qCFJoiC+edSzSyFiHtZf+NOQDJ1q46qxjtzIY2nA==
  dependencies:
    tslib "^1.11.1"

"@aws-crypto/util@^2.0.0", "@aws-crypto/util@^2.0.1":
  version "2.0.1"
  resolved "https://registry.yarnpkg.com/@aws-crypto/util/-/util-2.0.1.tgz#976cf619cf85084ca85ec5eb947a6ac6b8b5c98c"
  integrity sha512-JJmFFwvbm08lULw4Nm5QOLg8+lAQeC8aCXK5xrtxntYzYXCGfHwUJ4Is3770Q7HmICsXthGQ+ZsDL7C2uH3yBQ==
  dependencies:
    "@aws-sdk/types" "^3.1.0"
    "@aws-sdk/util-utf8-browser" "^3.0.0"
    tslib "^1.11.1"

"@aws-sdk/abort-controller@3.109.0":
  version "3.109.0"
  resolved "https://registry.yarnpkg.com/@aws-sdk/abort-controller/-/abort-controller-3.109.0.tgz#82fe232f224c358325068fba372e9fa3fe6186ee"
  integrity sha512-XrSg755WHpl7aLsxJTo0hE2r6gv5h1z4YGVZxQ6bzbl59kqaVvsPUALsG9WaooSJ2KTgNdQnR74Mk5jRqVSuxg==
  dependencies:
    "@aws-sdk/types" "3.109.0"
    tslib "^2.3.1"

"@aws-sdk/client-sso@^3.109.0":
  version "3.109.0"
  resolved "https://registry.yarnpkg.com/@aws-sdk/client-sso/-/client-sso-3.109.0.tgz#3770748f7d6d741a94d22391d6d15774369ec891"
  integrity sha512-8WbHfT7ng2jxUkYs24CLao9G9O/a89wLC5sGCRMT8dtjj4gReXbZPzJAhC8IA/RgmzLIEzBNFfL6SsCa5Az4gA==
  dependencies:
    "@aws-crypto/sha256-browser" "2.0.0"
    "@aws-crypto/sha256-js" "2.0.0"
    "@aws-sdk/config-resolver" "3.109.0"
    "@aws-sdk/fetch-http-handler" "3.109.0"
    "@aws-sdk/hash-node" "3.109.0"
    "@aws-sdk/invalid-dependency" "3.109.0"
    "@aws-sdk/middleware-content-length" "3.109.0"
    "@aws-sdk/middleware-host-header" "3.109.0"
    "@aws-sdk/middleware-logger" "3.109.0"
    "@aws-sdk/middleware-recursion-detection" "3.109.0"
    "@aws-sdk/middleware-retry" "3.109.0"
    "@aws-sdk/middleware-serde" "3.109.0"
    "@aws-sdk/middleware-stack" "3.109.0"
    "@aws-sdk/middleware-user-agent" "3.109.0"
    "@aws-sdk/node-config-provider" "3.109.0"
    "@aws-sdk/node-http-handler" "3.109.0"
    "@aws-sdk/protocol-http" "3.109.0"
    "@aws-sdk/smithy-client" "3.109.0"
    "@aws-sdk/types" "3.109.0"
    "@aws-sdk/url-parser" "3.109.0"
    "@aws-sdk/util-base64-browser" "3.109.0"
    "@aws-sdk/util-base64-node" "3.55.0"
    "@aws-sdk/util-body-length-browser" "3.55.0"
    "@aws-sdk/util-body-length-node" "3.55.0"
    "@aws-sdk/util-defaults-mode-browser" "3.109.0"
    "@aws-sdk/util-defaults-mode-node" "3.109.0"
    "@aws-sdk/util-user-agent-browser" "3.109.0"
    "@aws-sdk/util-user-agent-node" "3.109.0"
    "@aws-sdk/util-utf8-browser" "3.109.0"
    "@aws-sdk/util-utf8-node" "3.109.0"
    tslib "^2.3.1"

"@aws-sdk/config-resolver@3.109.0":
  version "3.109.0"
  resolved "https://registry.yarnpkg.com/@aws-sdk/config-resolver/-/config-resolver-3.109.0.tgz#e01deec3929c3b075ed198af618c5f20655b80d4"
  integrity sha512-XqknM/XT0mlC14f8RFLrw0SKxSl5CeRycPnUQ5+kUDkceAg/2NTPLZ1XZKWi94rZNuhXMMlohD/wzaWuksuRHQ==
  dependencies:
    "@aws-sdk/signature-v4" "3.109.0"
    "@aws-sdk/types" "3.109.0"
    "@aws-sdk/util-config-provider" "3.109.0"
    "@aws-sdk/util-middleware" "3.109.0"
    tslib "^2.3.1"

"@aws-sdk/credential-provider-imds@3.109.0":
  version "3.109.0"
  resolved "https://registry.yarnpkg.com/@aws-sdk/credential-provider-imds/-/credential-provider-imds-3.109.0.tgz#08ac450f86f6e5667388a8f577926fd8f408152c"
  integrity sha512-NKdW5cdvisWFDgnmr3p5LaObey3DCnXFYcIavN2E4tGl/n7YbISrdpCyTZDVzVpiApr4SEaCDF2q1xZs8n/mzg==
  dependencies:
    "@aws-sdk/node-config-provider" "3.109.0"
    "@aws-sdk/property-provider" "3.109.0"
    "@aws-sdk/types" "3.109.0"
    "@aws-sdk/url-parser" "3.109.0"
    tslib "^2.3.1"

"@aws-sdk/fetch-http-handler@3.109.0":
  version "3.109.0"
  resolved "https://registry.yarnpkg.com/@aws-sdk/fetch-http-handler/-/fetch-http-handler-3.109.0.tgz#53b6e2d3d64988189f8db555b334935f59f17a3c"
  integrity sha512-ypiVp67b0S0oAw9gsS/VoyfO3styJcIvVbGJkalMuZRCbhiz3pKsNaKqbAf8XFE4780EIXl63enwN/kB38Yoqw==
  dependencies:
    "@aws-sdk/protocol-http" "3.109.0"
    "@aws-sdk/querystring-builder" "3.109.0"
    "@aws-sdk/types" "3.109.0"
    "@aws-sdk/util-base64-browser" "3.109.0"
    tslib "^2.3.1"

"@aws-sdk/hash-node@3.109.0":
  version "3.109.0"
  resolved "https://registry.yarnpkg.com/@aws-sdk/hash-node/-/hash-node-3.109.0.tgz#09ca136c86404c9fd792894092197c763e70b38a"
  integrity sha512-xr5vbNlsGzQIxNu2q4XAmbOGqlzCZi8+X9JpdGj3Uznz+3jI2IqMfTwTOeix2KHP8ouGHLQMGtCkODgnm0isSQ==
  dependencies:
    "@aws-sdk/types" "3.109.0"
    "@aws-sdk/util-buffer-from" "3.55.0"
    tslib "^2.3.1"

"@aws-sdk/invalid-dependency@3.109.0":
  version "3.109.0"
  resolved "https://registry.yarnpkg.com/@aws-sdk/invalid-dependency/-/invalid-dependency-3.109.0.tgz#8799ad0bc10aebc8ffdf4acbc9892006f9501ce1"
  integrity sha512-rnifXNeOg5Xf+nm4jVtfVRBun8cMTLPVkFbaaCd3XSUbsvsNAMKRwGsa4sgFMovYsMtyqc3UHUl6qM/oFdgNhg==
  dependencies:
    "@aws-sdk/types" "3.109.0"
    tslib "^2.3.1"

"@aws-sdk/is-array-buffer@3.55.0":
  version "3.55.0"
  resolved "https://registry.yarnpkg.com/@aws-sdk/is-array-buffer/-/is-array-buffer-3.55.0.tgz#c46122c5636f01d5895e5256a587768c3425ea7a"
  integrity sha512-NbiPHVYuPxdqdFd6FxzzN3H1BQn/iWA3ri3Ry7AyLeP/tGs1yzEWMwf8BN8TSMALI0GXT6Sh0GDWy3Ok5xB6DA==
  dependencies:
    tslib "^2.3.1"

"@aws-sdk/middleware-content-length@3.109.0":
  version "3.109.0"
  resolved "https://registry.yarnpkg.com/@aws-sdk/middleware-content-length/-/middleware-content-length-3.109.0.tgz#78e9fa077c8284fdbe1c53ffd9f514aae001e6b4"
  integrity sha512-bHZ0Oc8pXjV2/JoQhFh5Of57YhzbRZeSbVdwpO0NB/W/UdZ+bsljyHKEBBHYqcQoBJnXU47+jyUilkafrvdLPg==
  dependencies:
    "@aws-sdk/protocol-http" "3.109.0"
    "@aws-sdk/types" "3.109.0"
    tslib "^2.3.1"

"@aws-sdk/middleware-host-header@3.109.0":
  version "3.109.0"
  resolved "https://registry.yarnpkg.com/@aws-sdk/middleware-host-header/-/middleware-host-header-3.109.0.tgz#9db4ec1aa0f58516729da70da166b0d82f9e7770"
  integrity sha512-c7wRKSS3OnPxchf1TIol+DTj159EZl63+YXzIkR4FoT8lUf+uoPKEZlwJQGRtwZADMwTYhWeih8IOnen8yP3NQ==
  dependencies:
    "@aws-sdk/protocol-http" "3.109.0"
    "@aws-sdk/types" "3.109.0"
    tslib "^2.3.1"

"@aws-sdk/middleware-logger@3.109.0":
  version "3.109.0"
  resolved "https://registry.yarnpkg.com/@aws-sdk/middleware-logger/-/middleware-logger-3.109.0.tgz#882c25f785924e992c6aee1c8fa2de91318f2758"
  integrity sha512-+5FIkRrUK0QmMABrOuKGABiLV6AYT6L6dcWCXe0lt9CxwPk4D+AOZeSKd0MxFZjuwOuevPXWo935Krjy/BS4Vg==
  dependencies:
    "@aws-sdk/types" "3.109.0"
    tslib "^2.3.1"

"@aws-sdk/middleware-recursion-detection@3.109.0":
  version "3.109.0"
  resolved "https://registry.yarnpkg.com/@aws-sdk/middleware-recursion-detection/-/middleware-recursion-detection-3.109.0.tgz#bcc43b5023dbb390304aa87c615bec285abb911e"
  integrity sha512-vfWvzwRLs6lb0K84TaBgAt4qtBSX5W54obD011nLlCo1OtEryjtqBHbMBy/BCjfNOZVBBm9XVekUZz98JowetA==
  dependencies:
    "@aws-sdk/protocol-http" "3.109.0"
    "@aws-sdk/types" "3.109.0"
    tslib "^2.3.1"

"@aws-sdk/middleware-retry@3.109.0":
  version "3.109.0"
  resolved "https://registry.yarnpkg.com/@aws-sdk/middleware-retry/-/middleware-retry-3.109.0.tgz#f86dc862dbc98c0bff116ee72933d3e397284996"
  integrity sha512-1IkdhlQ5sTHrbV5pXIejkJQzTCKn9tT52g+6l8aBMziEeCo8ZyXSrlnv4YY9Ve0f6RXafVMT1TXTxJhmp8ZvEw==
  dependencies:
    "@aws-sdk/protocol-http" "3.109.0"
    "@aws-sdk/service-error-classification" "3.109.0"
    "@aws-sdk/types" "3.109.0"
    "@aws-sdk/util-middleware" "3.109.0"
    tslib "^2.3.1"
    uuid "^8.3.2"

"@aws-sdk/middleware-serde@3.109.0":
  version "3.109.0"
  resolved "https://registry.yarnpkg.com/@aws-sdk/middleware-serde/-/middleware-serde-3.109.0.tgz#aef1e86d0a90865f3f49997c97c045fa59fa3262"
  integrity sha512-zZkWDBssjzWO19Bzx+SgSBW3vJJRMjRlv56bVo2hmAbjv03yvkHLC0cYHRuOLCizfOz1mxafm+6VLTR7xwof7A==
  dependencies:
    "@aws-sdk/types" "3.109.0"
    tslib "^2.3.1"

"@aws-sdk/middleware-stack@3.109.0":
  version "3.109.0"
  resolved "https://registry.yarnpkg.com/@aws-sdk/middleware-stack/-/middleware-stack-3.109.0.tgz#a5838cc054c73fb045079270bfa274e9a0e4324d"
  integrity sha512-BfQ79BJUw9o7mt+u5jBjYwdKfBkp56Ykkl/576QYSXcXcGjQu/DJObLC9GLtX/fJlEF4WRUTId2Z/e0kpuip8w==
  dependencies:
    tslib "^2.3.1"

"@aws-sdk/middleware-user-agent@3.109.0":
  version "3.109.0"
  resolved "https://registry.yarnpkg.com/@aws-sdk/middleware-user-agent/-/middleware-user-agent-3.109.0.tgz#85cb990ba60b477316b3a978610eeb980a0f4e47"
  integrity sha512-3eZ/OouhLc+nRdsmthj1AF45PLHOV/1DZltipvZZCVFbPgWwAR++X/llzcMBxW1x+kX3m3xzjXs8I2/MJnITJQ==
  dependencies:
    "@aws-sdk/protocol-http" "3.109.0"
    "@aws-sdk/types" "3.109.0"
    tslib "^2.3.1"

"@aws-sdk/node-config-provider@3.109.0":
  version "3.109.0"
  resolved "https://registry.yarnpkg.com/@aws-sdk/node-config-provider/-/node-config-provider-3.109.0.tgz#3ce543598c379020791f48f29544f7af1aa9d9ad"
  integrity sha512-LPDbVurduRLrNW+V6IJ1uN9t6x2lHGZIVYCB78PTk5QbMO1WGekN7dYZ5ohYfPnAe5V+5tThRe7WmXmINGbTdQ==
  dependencies:
    "@aws-sdk/property-provider" "3.109.0"
    "@aws-sdk/shared-ini-file-loader" "3.109.0"
    "@aws-sdk/types" "3.109.0"
    tslib "^2.3.1"

"@aws-sdk/node-http-handler@3.109.0":
  version "3.109.0"
  resolved "https://registry.yarnpkg.com/@aws-sdk/node-http-handler/-/node-http-handler-3.109.0.tgz#ddb9f74fb4db4f5c6dc83835052b383585df67d4"
  integrity sha512-bcbWbzegCPsAdQ76DyG8nHVGwY1UCp1hV8DniB1BDS/OkTxO5Vy0lUigh0r/X73VMRNZ8sgjkrrzrMN8Ovsi/A==
  dependencies:
    "@aws-sdk/abort-controller" "3.109.0"
    "@aws-sdk/protocol-http" "3.109.0"
    "@aws-sdk/querystring-builder" "3.109.0"
    "@aws-sdk/types" "3.109.0"
    tslib "^2.3.1"

"@aws-sdk/property-provider@3.109.0":
  version "3.109.0"
  resolved "https://registry.yarnpkg.com/@aws-sdk/property-provider/-/property-provider-3.109.0.tgz#5a0ed0ca675d127500bdd215d024614448a47cd2"
  integrity sha512-wCzWeMqNKqP6U12e6a/sBu3k/HI3UpsasU7TsPho2tKSOpawhpV1ZYIJZZtbse0P5WQINoGbVPvHenupprRjtg==
  dependencies:
    "@aws-sdk/types" "3.109.0"
    tslib "^2.3.1"

"@aws-sdk/protocol-http@3.109.0":
  version "3.109.0"
  resolved "https://registry.yarnpkg.com/@aws-sdk/protocol-http/-/protocol-http-3.109.0.tgz#376a9831e8acfc2671c704ff1caf8f4fe37d61aa"
  integrity sha512-Z5AXyOsAb/Qf6u6/cTkzUj6TLJ1eJts96my2oJ4Fee6IM9angloT+8t7VPMWonYqa+fQM3zCtMl3uBNc4uoEJw==
  dependencies:
    "@aws-sdk/types" "3.109.0"
    tslib "^2.3.1"

"@aws-sdk/querystring-builder@3.109.0":
  version "3.109.0"
  resolved "https://registry.yarnpkg.com/@aws-sdk/querystring-builder/-/querystring-builder-3.109.0.tgz#5c7fd4c8c97ba7a697a7ea549fa3fd97ef57c7c0"
  integrity sha512-DT1O+ByJSjISxB4+HUR5pfEV0Qhj4l/bIyBbsOzUJm0uxqdI1RkMtfI8S24o1j4Jp8YWce8ALP3lw2DmJMtegA==
  dependencies:
    "@aws-sdk/types" "3.109.0"
    "@aws-sdk/util-uri-escape" "3.55.0"
    tslib "^2.3.1"

"@aws-sdk/querystring-parser@3.109.0":
  version "3.109.0"
  resolved "https://registry.yarnpkg.com/@aws-sdk/querystring-parser/-/querystring-parser-3.109.0.tgz#6bc5b45ef902335f08fb7b268e3be191e51fee49"
  integrity sha512-xYuukk2r/1dx96RV1Nhs2YcWIMjDx8Z4Bu6x9ZCMjY+wHwW56rcP7h6W38P0M7I3Bj0DohLUoceEWK6qHcRo4Q==
  dependencies:
    "@aws-sdk/types" "3.109.0"
    tslib "^2.3.1"

"@aws-sdk/service-error-classification@3.109.0":
  version "3.109.0"
  resolved "https://registry.yarnpkg.com/@aws-sdk/service-error-classification/-/service-error-classification-3.109.0.tgz#a241a88cc428740921e634e517c45f1a10dc1488"
  integrity sha512-JO/Oda6EkQxhfpznNjQhGaPqyxeyCeVV1cxu4vYFaweaE+o5OzbzWvTgSJ3AxOtFJ2sHydOx3S1c+2HyPY5sSA==

"@aws-sdk/shared-ini-file-loader@3.109.0":
  version "3.109.0"
  resolved "https://registry.yarnpkg.com/@aws-sdk/shared-ini-file-loader/-/shared-ini-file-loader-3.109.0.tgz#46bd49332ff596861fb98f98d33b5bf09f170088"
  integrity sha512-s9eWuzWaj/CFIaRImz2We/Cj+kuqioDnyNwLNsxaJUdUS5XyrtukEGvYoz6GD/3/Opev463QRep2gcp//z+7CA==
  dependencies:
    tslib "^2.3.1"

"@aws-sdk/shared-ini-file-loader@^3.80.0":
  version "3.80.0"
  resolved "https://registry.yarnpkg.com/@aws-sdk/shared-ini-file-loader/-/shared-ini-file-loader-3.80.0.tgz#e3d1b0532e9a884e52f967717ba2666ca32bbd74"
  integrity sha512-3d5EBJjnWWkjLK9skqLLHYbagtFaZZy+3jUTlbTuOKhlOwe8jF7CUM3j6I4JA6yXNcB3w0exDKKHa8w+l+05aA==
  dependencies:
    tslib "^2.3.1"

"@aws-sdk/signature-v4@3.109.0":
  version "3.109.0"
  resolved "https://registry.yarnpkg.com/@aws-sdk/signature-v4/-/signature-v4-3.109.0.tgz#5752d679d2fb88d90b43111205ef158daf296e1f"
  integrity sha512-w8gW2UEXFxA+yzFZvJaR6yA97WVdVaz1XTOc5hf1wN0cTqCO+LUmIqLvTs8ujSwtMEYKdaH4/iQqWhYqDvSOZg==
  dependencies:
    "@aws-sdk/is-array-buffer" "3.55.0"
    "@aws-sdk/types" "3.109.0"
    "@aws-sdk/util-hex-encoding" "3.109.0"
    "@aws-sdk/util-middleware" "3.109.0"
    "@aws-sdk/util-uri-escape" "3.55.0"
    tslib "^2.3.1"

"@aws-sdk/smithy-client@3.109.0":
  version "3.109.0"
  resolved "https://registry.yarnpkg.com/@aws-sdk/smithy-client/-/smithy-client-3.109.0.tgz#d7c5e7f49a65790b7caec13f68f74c3ae7447b89"
  integrity sha512-GthXe4Y4LQloTLPSTq1ErpkuJ//fJ6Z8QuoOLjMTDOyY1Cos7x5eXabDK7sje5jp76WnXrF0QDJ+m608FQ0OLA==
  dependencies:
    "@aws-sdk/middleware-stack" "3.109.0"
    "@aws-sdk/types" "3.109.0"
    tslib "^2.3.1"

"@aws-sdk/types@3.109.0", "@aws-sdk/types@^3.1.0":
  version "3.109.0"
  resolved "https://registry.yarnpkg.com/@aws-sdk/types/-/types-3.109.0.tgz#c5518a327ed2c83c80507b6d908255cb96106c1f"
  integrity sha512-d8B4SjYeORln0ETvlYY5DLYQw39AU1Q6Qhe0VMEUak/CpTfBMrfxfE/IkEDGFEc7IiF5PAaHVgpzWPy6SLqV1g==

"@aws-sdk/url-parser@3.109.0":
  version "3.109.0"
  resolved "https://registry.yarnpkg.com/@aws-sdk/url-parser/-/url-parser-3.109.0.tgz#183dbe936640d7059932d593364abd40cf1475b6"
  integrity sha512-1CFHxtrds13+Lu8AEoEWcnENMnofkQk32M/WY0SvxY1W4kpDPs0kqwZ2Jy/U5kKatoWm/e/OpCezgx91WyMSMw==
  dependencies:
    "@aws-sdk/querystring-parser" "3.109.0"
    "@aws-sdk/types" "3.109.0"
    tslib "^2.3.1"

"@aws-sdk/util-base64-browser@3.109.0":
  version "3.109.0"
  resolved "https://registry.yarnpkg.com/@aws-sdk/util-base64-browser/-/util-base64-browser-3.109.0.tgz#e7faf5c4cbb88bc39b9c1c5a1a79e4c869e9f645"
  integrity sha512-lAZ6fyDGiRLaIsKT9qh7P9FGuNyZ4gAbr1YOSQk/5mHtaTuUvxlPptZuInNM/0MPQm6lpcot00D8IWTucn4PbA==
  dependencies:
    tslib "^2.3.1"

"@aws-sdk/util-base64-node@3.55.0":
  version "3.55.0"
  resolved "https://registry.yarnpkg.com/@aws-sdk/util-base64-node/-/util-base64-node-3.55.0.tgz#da9a3fd6752be49163572144793e6b23d0186ff4"
  integrity sha512-UQ/ZuNoAc8CFMpSiRYmevaTsuRKzLwulZTnM8LNlIt9Wx1tpNvqp80cfvVj7yySKROtEi20wq29h31dZf1eYNQ==
  dependencies:
    "@aws-sdk/util-buffer-from" "3.55.0"
    tslib "^2.3.1"

"@aws-sdk/util-body-length-browser@3.55.0":
  version "3.55.0"
  resolved "https://registry.yarnpkg.com/@aws-sdk/util-body-length-browser/-/util-body-length-browser-3.55.0.tgz#9c2637097501032f6a1afddb76687415fe9b44b6"
  integrity sha512-Ei2OCzXQw5N6ZkTMZbamUzc1z+z1R1Ja5tMEagz5BxuX4vWdBObT+uGlSzL8yvTbjoPjnxWA2aXyEqaUP3JS8Q==
  dependencies:
    tslib "^2.3.1"

"@aws-sdk/util-body-length-node@3.55.0":
  version "3.55.0"
  resolved "https://registry.yarnpkg.com/@aws-sdk/util-body-length-node/-/util-body-length-node-3.55.0.tgz#67049bbb6c62d794a1bb5a13b9a678988c925489"
  integrity sha512-lU1d4I+9wJwydduXs0SxSfd+mHKjxeyd39VwOv6i2KSwWkPbji9UQqpflKLKw+r45jL7+xU/zfeTUg5Tt/3Gew==
  dependencies:
    tslib "^2.3.1"

"@aws-sdk/util-buffer-from@3.55.0":
  version "3.55.0"
  resolved "https://registry.yarnpkg.com/@aws-sdk/util-buffer-from/-/util-buffer-from-3.55.0.tgz#e7c927974b07a29502aa1ad58509b91d0d7cf0f7"
  integrity sha512-uVzKG1UgvnV7XX2FPTylBujYMKBPBaq/qFBxfl0LVNfrty7YjpfieQxAe6yRLD+T0Kir/WDQwGvYC+tOYG3IGA==
  dependencies:
    "@aws-sdk/is-array-buffer" "3.55.0"
    tslib "^2.3.1"

"@aws-sdk/util-config-provider@3.109.0":
  version "3.109.0"
  resolved "https://registry.yarnpkg.com/@aws-sdk/util-config-provider/-/util-config-provider-3.109.0.tgz#7828b8894b2b23c289ffc5c106cbced7a5d6ee86"
  integrity sha512-GrAZl/aBv0A28LkyNyq8SPJ5fmViCwz80fWLMeWx/6q5AbivuILogjlWwEZSvZ9zrlHOcFC0+AnCa5pQrjaslw==
  dependencies:
    tslib "^2.3.1"

"@aws-sdk/util-defaults-mode-browser@3.109.0":
  version "3.109.0"
  resolved "https://registry.yarnpkg.com/@aws-sdk/util-defaults-mode-browser/-/util-defaults-mode-browser-3.109.0.tgz#6feaffab4dc9190e488f74d2d1555ddd786c9a5d"
  integrity sha512-Qhdp0tWshUZBIPpV5B64Yh9KDY6ap9gA5TIApICmQtYCyNSVpPatpNwSyBXkZCud0pzo/a4zASj/LWzFoW5afQ==
  dependencies:
    "@aws-sdk/property-provider" "3.109.0"
    "@aws-sdk/types" "3.109.0"
    bowser "^2.11.0"
    tslib "^2.3.1"

"@aws-sdk/util-defaults-mode-node@3.109.0":
  version "3.109.0"
  resolved "https://registry.yarnpkg.com/@aws-sdk/util-defaults-mode-node/-/util-defaults-mode-node-3.109.0.tgz#a6aea6db07e6aa8b046a332248a79055cf59e6b3"
  integrity sha512-XIitWpFFRMf6st4f5p1aUSNgYlu0UsgU6ZaTyD/A1bEPALKW8JmccSWdpwKTLzsOdz3MZP6Q1IT6DxFeCepbKQ==
  dependencies:
    "@aws-sdk/config-resolver" "3.109.0"
    "@aws-sdk/credential-provider-imds" "3.109.0"
    "@aws-sdk/node-config-provider" "3.109.0"
    "@aws-sdk/property-provider" "3.109.0"
    "@aws-sdk/types" "3.109.0"
    tslib "^2.3.1"

"@aws-sdk/util-hex-encoding@3.109.0":
  version "3.109.0"
  resolved "https://registry.yarnpkg.com/@aws-sdk/util-hex-encoding/-/util-hex-encoding-3.109.0.tgz#93b20acc27c0a1d7d80f653bf19d3dd01c2ccc65"
  integrity sha512-s8CgTNrn3cLkrdiohfxLuOYPCanzvHn/aH5RW6DaMoeQiG5Hl9QUiP/WtdQ9QQx3xvpQFpmvxIaSBwSgFNLQxA==
  dependencies:
    tslib "^2.3.1"

"@aws-sdk/util-locate-window@^3.0.0":
  version "3.55.0"
  resolved "https://registry.yarnpkg.com/@aws-sdk/util-locate-window/-/util-locate-window-3.55.0.tgz#a4136a20ee1bfcb73967a6614caf769ef79db070"
  integrity sha512-0sPmK2JaJE2BbTcnvybzob/VrFKCXKfN4CUKcvn0yGg/me7Bz+vtzQRB3Xp+YSx+7OtWxzv63wsvHoAnXvgxgg==
  dependencies:
    tslib "^2.3.1"

"@aws-sdk/util-middleware@3.109.0":
  version "3.109.0"
  resolved "https://registry.yarnpkg.com/@aws-sdk/util-middleware/-/util-middleware-3.109.0.tgz#2e6db4c72ec72a17c496345f6364580ffeb35422"
  integrity sha512-Y5wNErWDG4tdYnZYiNWSk6YlXmQVF9TKHNj7SCWl6edvUw913yUAQqDL9OnDeL55rx5h1M+BCU5C1oNoCqp1vw==
  dependencies:
    tslib "^2.3.1"

"@aws-sdk/util-uri-escape@3.55.0":
  version "3.55.0"
  resolved "https://registry.yarnpkg.com/@aws-sdk/util-uri-escape/-/util-uri-escape-3.55.0.tgz#ee57743c628a1c9f942dfe73205ce890ec011916"
  integrity sha512-mmdDLUpFCN2nkfwlLdOM54lTD528GiGSPN1qb8XtGLgZsJUmg3uJSFIN2lPeSbEwJB3NFjVas/rnQC48i7mV8w==
  dependencies:
    tslib "^2.3.1"

"@aws-sdk/util-user-agent-browser@3.109.0":
  version "3.109.0"
  resolved "https://registry.yarnpkg.com/@aws-sdk/util-user-agent-browser/-/util-user-agent-browser-3.109.0.tgz#a70879bc4791674d00043fc06c5f6d2dd20ebbfd"
  integrity sha512-rdb89szZK2tAD/NaZxfPc9En5J7uNLok7HwBDaNGAt+P/ZUuSwJ5Gr6vjCiV4qNI16es4V1X223hsEM2q9BVJA==
  dependencies:
    "@aws-sdk/types" "3.109.0"
    bowser "^2.11.0"
    tslib "^2.3.1"

"@aws-sdk/util-user-agent-node@3.109.0":
  version "3.109.0"
  resolved "https://registry.yarnpkg.com/@aws-sdk/util-user-agent-node/-/util-user-agent-node-3.109.0.tgz#0f26602af2d003aca2977624e7699f6a63e8b1e1"
  integrity sha512-GJD5Uc7XszKB2e348/Guu6QDTIZTjI47vhepVHUmlPOmjN1JufTBWDUJjxQl65DNv7LkFz/2JqGP8xxUzrW5hw==
  dependencies:
    "@aws-sdk/node-config-provider" "3.109.0"
    "@aws-sdk/types" "3.109.0"
    tslib "^2.3.1"

"@aws-sdk/util-utf8-browser@3.109.0", "@aws-sdk/util-utf8-browser@^3.0.0":
  version "3.109.0"
  resolved "https://registry.yarnpkg.com/@aws-sdk/util-utf8-browser/-/util-utf8-browser-3.109.0.tgz#d013272e1981b23a4c84ac06f154db686c0cf84e"
  integrity sha512-FmcGSz0v7Bqpl1SE8G1Gc0CtDpug+rvqNCG/szn86JApD/f5x8oByjbEiAyTU2ZH2VevUntx6EW68ulHyH+x+w==
  dependencies:
    tslib "^2.3.1"

"@aws-sdk/util-utf8-node@3.109.0":
  version "3.109.0"
  resolved "https://registry.yarnpkg.com/@aws-sdk/util-utf8-node/-/util-utf8-node-3.109.0.tgz#89e06d916f5b246c7265f59bac742973ac0767ac"
  integrity sha512-Ti/ZBdvz2eSTElsucjzNmzpyg2MwfD1rXmxD0hZuIF8bPON/0+sZYnWd5CbDw9kgmhy28dmKue086tbZ1G0iLQ==
  dependencies:
    "@aws-sdk/util-buffer-from" "3.55.0"
    tslib "^2.3.1"

"@cspotcode/source-map-support@^0.8.0":
  version "0.8.1"
  resolved "https://registry.yarnpkg.com/@cspotcode/source-map-support/-/source-map-support-0.8.1.tgz#00629c35a688e05a88b1cda684fb9d5e73f000a1"
  integrity sha512-IchNf6dN4tHoMFIn/7OE8LWZ19Y6q/67Bmf6vnGREv8RSbBVb9LPJxEcnwrcwX6ixSvaiGoomAUvu4YSxXrVgw==
  dependencies:
    "@jridgewell/trace-mapping" "0.3.9"

"@jridgewell/resolve-uri@^3.0.3":
  version "3.0.7"
  resolved "https://registry.yarnpkg.com/@jridgewell/resolve-uri/-/resolve-uri-3.0.7.tgz#30cd49820a962aff48c8fffc5cd760151fca61fe"
  integrity sha512-8cXDaBBHOr2pQ7j77Y6Vp5VDT2sIqWyWQ56TjEq4ih/a4iST3dItRe8Q9fp0rrIl9DoKhWQtUQz/YpOxLkXbNA==

"@jridgewell/sourcemap-codec@^1.4.10":
  version "1.4.13"
  resolved "https://registry.yarnpkg.com/@jridgewell/sourcemap-codec/-/sourcemap-codec-1.4.13.tgz#b6461fb0c2964356c469e115f504c95ad97ab88c"
  integrity sha512-GryiOJmNcWbovBxTfZSF71V/mXbgcV3MewDe3kIMCLyIh5e7SKAeUZs+rMnJ8jkMolZ/4/VsdBmMrw3l+VdZ3w==

"@jridgewell/trace-mapping@0.3.9":
  version "0.3.9"
  resolved "https://registry.yarnpkg.com/@jridgewell/trace-mapping/-/trace-mapping-0.3.9.tgz#6534fd5933a53ba7cbf3a17615e273a0d1273ff9"
  integrity sha512-3Belt6tdc8bPgAtbcmdtNJlirVoTmEb5e2gC94PnkwEW9jI6CAHUeoG85tjWP5WquqfavoMtMwiG4P926ZKKuQ==
  dependencies:
    "@jridgewell/resolve-uri" "^3.0.3"
    "@jridgewell/sourcemap-codec" "^1.4.10"

"@swc/core-android-arm-eabi@1.2.196":
  version "1.2.196"
  resolved "https://registry.yarnpkg.com/@swc/core-android-arm-eabi/-/core-android-arm-eabi-1.2.196.tgz#64f58652c4f8076c9e91b8c0f10035c516d02f9c"
  integrity sha512-rWM909UT01+CWxvOkQ7f6bhtceFz/jBuVhYqtOjkDleMV6UsKVfMOAkAMQBfvQmoQzvqddypCDl5tOZIoj3O0w==

"@swc/core-android-arm64@1.2.196":
  version "1.2.196"
  resolved "https://registry.yarnpkg.com/@swc/core-android-arm64/-/core-android-arm64-1.2.196.tgz#a4cf6311a79b52ffa64608a202a7fea280dbc4d8"
  integrity sha512-SPNMBcziCev0B439raRC2KpRrqiw6Jw8Bvw5Swrra34kUHjxxEYbxHeFBdUA0Ka1YoMJ95gCEW9fsqTlPkYBIQ==

"@swc/core-darwin-arm64@1.2.196":
  version "1.2.196"
  resolved "https://registry.yarnpkg.com/@swc/core-darwin-arm64/-/core-darwin-arm64-1.2.196.tgz#bd9f659642d02a7b2b5369457f46502e75740fbd"
  integrity sha512-Sd22WY9frsbUQVay9LTakqFtkOnzkWw+PB1iwcpBzenOVQxbQ8i7JlxcujTkMFc2J/SAKDelq+M4TE6JEdfU6A==

"@swc/core-darwin-x64@1.2.196":
  version "1.2.196"
  resolved "https://registry.yarnpkg.com/@swc/core-darwin-x64/-/core-darwin-x64-1.2.196.tgz#8ed3f92003ddbc795796c5cbfea9a6a16be3f268"
  integrity sha512-1z0ROEMIKjAqEc/jNdZwcdgWzUqw/mHmhQABm1J6lUf3UEucUAy/4cniWPHXKKRCdj7Eq7kHtU52ynQpB/ii0Q==

"@swc/core-freebsd-x64@1.2.196":
  version "1.2.196"
  resolved "https://registry.yarnpkg.com/@swc/core-freebsd-x64/-/core-freebsd-x64-1.2.196.tgz#d4d988bfe11d2c7ccf1b3b2970b33baf631ca8cb"
  integrity sha512-KjUo4Vgs7AuGhLJCE5yeVazTUpoiRNuaLbRxnXIC7Ua7T4JpnO9lc34aWWUhz8Gu7QLEWpLFMM52W+bwVeBi7A==

"@swc/core-linux-arm-gnueabihf@1.2.196":
  version "1.2.196"
  resolved "https://registry.yarnpkg.com/@swc/core-linux-arm-gnueabihf/-/core-linux-arm-gnueabihf-1.2.196.tgz#11d705c3a08756a57eaf48d41dfacfab1c6b2139"
  integrity sha512-n7V9GyPQ7H6UvJKB15K0vHek2WihbPdv866h2LG1Lrw5mxxDs5A4o7hj4scKF355kjyj9LI+4GykT3R9MpIWzw==

"@swc/core-linux-arm64-gnu@1.2.196":
  version "1.2.196"
  resolved "https://registry.yarnpkg.com/@swc/core-linux-arm64-gnu/-/core-linux-arm64-gnu-1.2.196.tgz#6c71a44abe2120fa0199fa5ac79f2ba8c2c489e0"
  integrity sha512-1ToeE8/5Ew8HEa3GQf9znijzpmNf5jnnU39mrO0dpmhiUJVgRU/IBoe45t0I8R84PRDfayqoSfq0vPt7dWSjdQ==

"@swc/core-linux-arm64-musl@1.2.196":
  version "1.2.196"
  resolved "https://registry.yarnpkg.com/@swc/core-linux-arm64-musl/-/core-linux-arm64-musl-1.2.196.tgz#e805fb06e41361b25eb54dc1e44c8fcb9ece5512"
  integrity sha512-93Pvb0lpgL/B7Em+qAScYsf4QvE4OmuTQ+aXRz4VsKiw/+DQKt5jUmCzkYa4ecSvSur3rlqFLMU8ufPI7EF22g==

"@swc/core-linux-x64-gnu@1.2.196":
  version "1.2.196"
  resolved "https://registry.yarnpkg.com/@swc/core-linux-x64-gnu/-/core-linux-x64-gnu-1.2.196.tgz#b8b7e06c79ccc7111a93bccc89e422992615cbd6"
  integrity sha512-JZkQ/ETPCNae8hOOfVOBHJuy9vhSJwdzWFO1Kd8PhyDyCi0caNX8Tu3mgGTZJ0UToP0ot7mC945+1w4lcuQPBA==

"@swc/core-linux-x64-musl@1.2.196":
  version "1.2.196"
  resolved "https://registry.yarnpkg.com/@swc/core-linux-x64-musl/-/core-linux-x64-musl-1.2.196.tgz#e20272e9a2dba241641cade3a33c7d5514557854"
  integrity sha512-TJAfEf7l79mceXO3AXaf4Lun8ZjjaHXMlQe/3QrtblxKUFeHgFDbQeabjcgsYyNzAffPXDLsKVvmC4GJTu35DQ==

"@swc/core-win32-arm64-msvc@1.2.196":
  version "1.2.196"
  resolved "https://registry.yarnpkg.com/@swc/core-win32-arm64-msvc/-/core-win32-arm64-msvc-1.2.196.tgz#0c53dcbcfd15d476d9ebba060194d70a8df07f6f"
  integrity sha512-WDQ9HZZ8SrInw2kisBPbNg8W0IgA8P9eGijQeigyvT2rT81A/Gj9G57YMq0fQclcodBLr6SJPDIHh4fC8JInFg==

"@swc/core-win32-ia32-msvc@1.2.196":
  version "1.2.196"
  resolved "https://registry.yarnpkg.com/@swc/core-win32-ia32-msvc/-/core-win32-ia32-msvc-1.2.196.tgz#fc287cb4dd6aae8fb260cb5125a09f2b2a286d54"
  integrity sha512-c355907n5RCeuF99/3nFmJdiw4Ask0BwH7hs+4Y1dcOzC/FYvh2TmYZ+VTJzL78TiIekmvi4buxGqFvHePZ2Pw==

"@swc/core-win32-x64-msvc@1.2.196":
  version "1.2.196"
  resolved "https://registry.yarnpkg.com/@swc/core-win32-x64-msvc/-/core-win32-x64-msvc-1.2.196.tgz#12ecbf5020f9a6db653c20ed74f5077988168ba4"
  integrity sha512-zQKrvEDmTqMd1lwbQ4KcBVKQ2OVoQlX1I/kZNISZlh/+UhBpKnkqQme/76wtILH9r0Lz+ujumL2ZvwoVAzAJkQ==

"@swc/core@^1.2.179":
  version "1.2.196"
  resolved "https://registry.yarnpkg.com/@swc/core/-/core-1.2.196.tgz#95a8b1e0609061d46e18580a3ff2fc67efa78e7d"
  integrity sha512-395byH+v71OwJpXIvt+FZJZeF20Cs+LwYkURpkkmN5aKImdTuCqnNqapWsh3nfuIgDdC5k8QvrGEQNTmE8+cTw==
  optionalDependencies:
    "@swc/core-android-arm-eabi" "1.2.196"
    "@swc/core-android-arm64" "1.2.196"
    "@swc/core-darwin-arm64" "1.2.196"
    "@swc/core-darwin-x64" "1.2.196"
    "@swc/core-freebsd-x64" "1.2.196"
    "@swc/core-linux-arm-gnueabihf" "1.2.196"
    "@swc/core-linux-arm64-gnu" "1.2.196"
    "@swc/core-linux-arm64-musl" "1.2.196"
    "@swc/core-linux-x64-gnu" "1.2.196"
    "@swc/core-linux-x64-musl" "1.2.196"
    "@swc/core-win32-arm64-msvc" "1.2.196"
    "@swc/core-win32-ia32-msvc" "1.2.196"
    "@swc/core-win32-x64-msvc" "1.2.196"

"@tsconfig/node10@^1.0.7":
  version "1.0.8"
  resolved "https://registry.yarnpkg.com/@tsconfig/node10/-/node10-1.0.8.tgz#c1e4e80d6f964fbecb3359c43bd48b40f7cadad9"
  integrity sha512-6XFfSQmMgq0CFLY1MslA/CPUfhIL919M1rMsa5lP2P097N2Wd1sSX0tx1u4olM16fLNhtHZpRhedZJphNJqmZg==

"@tsconfig/node12@^1.0.7":
  version "1.0.9"
  resolved "https://registry.yarnpkg.com/@tsconfig/node12/-/node12-1.0.9.tgz#62c1f6dee2ebd9aead80dc3afa56810e58e1a04c"
  integrity sha512-/yBMcem+fbvhSREH+s14YJi18sp7J9jpuhYByADT2rypfajMZZN4WQ6zBGgBKp53NKmqI36wFYDb3yaMPurITw==

"@tsconfig/node14@^1.0.0":
  version "1.0.1"
  resolved "https://registry.yarnpkg.com/@tsconfig/node14/-/node14-1.0.1.tgz#95f2d167ffb9b8d2068b0b235302fafd4df711f2"
  integrity sha512-509r2+yARFfHHE7T6Puu2jjkoycftovhXRqW328PDXTVGKihlb1P8Z9mMZH04ebyajfRY7dedfGynlrFHJUQCg==

"@tsconfig/node16@^1.0.2":
  version "1.0.2"
  resolved "https://registry.yarnpkg.com/@tsconfig/node16/-/node16-1.0.2.tgz#423c77877d0569db20e1fc80885ac4118314010e"
  integrity sha512-eZxlbI8GZscaGS7kkc/trHTT5xgrjH3/1n2JDwusC9iahPKWMRvRjJSAN5mCXviuTGQ/lHnhvv8Q1YTpnfz9gA==

"@types/node@^16.11.33":
  version "16.11.38"
  resolved "https://registry.yarnpkg.com/@types/node/-/node-16.11.38.tgz#be0edd097b23eace6c471c525a74b3f98803017f"
  integrity sha512-hjO/0K140An3GWDw2HJfq7gko3wWeznbjXgg+rzPdVzhe198hp4x2i1dgveAOEiFKd8sOilAxzoSJiVv5P/CUg==

"@vercel/ncc@^0.34.0":
  version "0.34.0"
  resolved "https://registry.yarnpkg.com/@vercel/ncc/-/ncc-0.34.0.tgz#d0139528320e46670d949c82967044a8f66db054"
  integrity sha512-G9h5ZLBJ/V57Ou9vz5hI8pda/YQX5HQszCs3AmIus3XzsmRn/0Ptic5otD3xVST8QLKk7AMk7AqpsyQGN7MZ9A==

acorn-walk@^8.1.1:
  version "8.2.0"
  resolved "https://registry.yarnpkg.com/acorn-walk/-/acorn-walk-8.2.0.tgz#741210f2e2426454508853a2f44d0ab83b7f69c1"
  integrity sha512-k+iyHEuPgSw6SbuDpGQM+06HQUa04DZ3o+F6CSzXMvvI5KMvnaEqXe+YVe555R9nn6GPt404fos4wcgpw12SDA==

acorn@^8.4.1:
  version "8.7.1"
  resolved "https://registry.yarnpkg.com/acorn/-/acorn-8.7.1.tgz#0197122c843d1bf6d0a5e83220a788f278f63c30"
  integrity sha512-Xx54uLJQZ19lKygFXOWsscKUbsBZW0CPykPhVQdhIeIwrbPmJzqeASDInc8nKBnp/JT6igTs82qPXz069H8I/A==

arg@^4.1.0:
  version "4.1.3"
  resolved "https://registry.yarnpkg.com/arg/-/arg-4.1.3.tgz#269fc7ad5b8e42cb63c896d5666017261c144089"
  integrity sha512-58S9QDqG0Xx27YwPSt9fJxivjYl432YCwfDMfZ+71RAqUrZef7LrKQZ3LHLOwCS4FLNBplP533Zx895SeOCHvA==

bowser@^2.11.0:
  version "2.11.0"
  resolved "https://registry.yarnpkg.com/bowser/-/bowser-2.11.0.tgz#5ca3c35757a7aa5771500c70a73a9f91ef420a8f"
  integrity sha512-AlcaJBi/pqqJBIQ8U9Mcpc9i8Aqxn88Skv5d+xBX006BY5u8N3mGLHa5Lgppa7L/HfwgwLgZ6NYs+Ag6uUmJRA==

commander@~2.1.0:
  version "2.1.0"
  resolved "https://registry.yarnpkg.com/commander/-/commander-2.1.0.tgz#d121bbae860d9992a3d517ba96f56588e47c6781"
  integrity sha512-J2wnb6TKniXNOtoHS8TSrG9IOQluPrsmyAJ8oCUJOBmv+uLBCyPYAZkD2jFvw2DCzIXNnISIM01NIvr35TkBMQ==

create-require@^1.1.0:
  version "1.1.1"
  resolved "https://registry.yarnpkg.com/create-require/-/create-require-1.1.1.tgz#c1d7e8f1e5f6cfc9ff65f9cd352d37348756c333"
  integrity sha512-dcKFX3jn0MpIaXjisoRvexIJVEKzaq7z2rZKxf+MSr9TkdmHmsU4m2lcLojrj/FHl8mk5VxMmYA+ftRkP/3oKQ==

diff@^4.0.1:
  version "4.0.2"
  resolved "https://registry.yarnpkg.com/diff/-/diff-4.0.2.tgz#60f3aecb89d5fae520c11aa19efc2bb982aade7d"
  integrity sha512-58lmxKSA4BNyLz+HHMUzlOEpg09FV+ev6ZMe3vJihgdxzgcwZ8VoEEPmALCZG9LmqfVoNMMKpttIYTVG6uDY7A==

make-error@^1.1.1:
  version "1.3.6"
  resolved "https://registry.yarnpkg.com/make-error/-/make-error-1.3.6.tgz#2eb2e37ea9b67c4891f684a1394799af484cf7a2"
  integrity sha512-s8UhlNe7vPKomQhC1qFelMokr/Sc3AgNbso3n74mVPA5LTZwkB9NlXf4XPamLxJE8h0gh73rM94xvwRT2CVInw==

readlines@^0.2.0:
  version "0.2.0"
  resolved "https://registry.yarnpkg.com/readlines/-/readlines-0.2.0.tgz#289243264e869768b0a789bb86f3383967ab781f"
  integrity sha1-KJJDJk6Gl2iwp4m7hvM4OWereB8=
  dependencies:
    commander "~2.1.0"

ts-node@^10.7.0:
  version "10.8.0"
  resolved "https://registry.yarnpkg.com/ts-node/-/ts-node-10.8.0.tgz#3ceb5ac3e67ae8025c1950626aafbdecb55d82ce"
  integrity sha512-/fNd5Qh+zTt8Vt1KbYZjRHCE9sI5i7nqfD/dzBBRDeVXZXS6kToW6R7tTU6Nd4XavFs0mAVCg29Q//ML7WsZYA==
  dependencies:
    "@cspotcode/source-map-support" "^0.8.0"
    "@tsconfig/node10" "^1.0.7"
    "@tsconfig/node12" "^1.0.7"
    "@tsconfig/node14" "^1.0.0"
    "@tsconfig/node16" "^1.0.2"
    acorn "^8.4.1"
    acorn-walk "^8.1.1"
    arg "^4.1.0"
    create-require "^1.1.0"
    diff "^4.0.1"
    make-error "^1.1.1"
    v8-compile-cache-lib "^3.0.1"
    yn "3.1.1"

tslib@^1.11.1:
  version "1.14.1"
  resolved "https://registry.yarnpkg.com/tslib/-/tslib-1.14.1.tgz#cf2d38bdc34a134bcaf1091c41f6619e2f672d00"
  integrity sha512-Xni35NKzjgMrwevysHTCArtLDpPvye8zV/0E4EyYn43P7/7qvQwPh9BGkHewbMulVntbigmcT7rdX3BNo9wRJg==

tslib@^2.3.1:
  version "2.4.0"
  resolved "https://registry.yarnpkg.com/tslib/-/tslib-2.4.0.tgz#7cecaa7f073ce680a05847aa77be941098f36dc3"
  integrity sha512-d6xOpEDfsi2CZVlPQzGeux8XMwLT9hssAsaPYExaQMuYskwb+x1x7J371tWlbBdWHroy99KnVB6qIkUbs5X3UQ==

typescript@^4.7.2:
  version "4.7.2"
  resolved "https://registry.yarnpkg.com/typescript/-/typescript-4.7.2.tgz#1f9aa2ceb9af87cca227813b4310fff0b51593c4"
  integrity sha512-Mamb1iX2FDUpcTRzltPxgWMKy3fhg0TN378ylbktPGPK/99KbDtMQ4W1hwgsbPAsG3a0xKa1vmw4VKZQbkvz5A==

uuid@^8.3.2:
  version "8.3.2"
  resolved "https://registry.yarnpkg.com/uuid/-/uuid-8.3.2.tgz#80d5b5ced271bb9af6c445f21a1a04c606cefbe2"
  integrity sha512-+NYs2QeMWy+GWFOEm9xnn6HCDp0l7QBD7ml8zLUmJ+93Q5NF0NocErnwkTkXVFNiX3/fpC6afS8Dhb/gz7R7eg==

v8-compile-cache-lib@^3.0.1:
  version "3.0.1"
  resolved "https://registry.yarnpkg.com/v8-compile-cache-lib/-/v8-compile-cache-lib-3.0.1.tgz#6336e8d71965cb3d35a1bbb7868445a7c05264bf"
  integrity sha512-wa7YjyUGfNZngI/vtK0UHAN+lgDCxBPCylVXGp0zu59Fz5aiGtNXaq3DhIov063MorB+VfufLh3JlF2KdTK3xg==

yn@3.1.1:
  version "3.1.1"
  resolved "https://registry.yarnpkg.com/yn/-/yn-3.1.1.tgz#1e87401a09d767c1d5eab26a6e4c185182d2eb50"
  integrity sha512-Ux4ygGWsu2c7isFWe8Yu1YluJmqVhxqK2cLXNQA5AcC3QfbGNpM7fu0Y8b/z16pXLnFxZYvWhd3fhBY9DLmC6Q==
